# This file is @generated by PDM.
# It is not intended for manual editing.

[metadata]
groups = ["default"]
cross_platform = true
static_urls = false
lock_version = "4.3"
content_hash = "sha256:bf2a14ace7eea00f7eb8b43319d9ab7de68ce407700b0eb22aad5919e14fed0d"

[[package]]
name = "anyio"
version = "4.0.0"
requires_python = ">=3.8"
summary = "High level compatibility layer for multiple asynchronous event loop implementations"
dependencies = [
    "exceptiongroup>=1.0.2; python_version < \"3.11\"",
    "idna>=2.8",
    "sniffio>=1.1",
]
files = [
    {file = "anyio-4.0.0-py3-none-any.whl", hash = "sha256:cfdb2b588b9fc25ede96d8db56ed50848b0b649dca3dd1df0b11f683bb9e0b5f"},
    {file = "anyio-4.0.0.tar.gz", hash = "sha256:f7ed51751b2c2add651e5747c891b47e26d2a21be5d32d9311dfe9692f3e5d7a"},
]

[[package]]
name = "attrs"
version = "23.1.0"
requires_python = ">=3.7"
summary = "Classes Without Boilerplate"
files = [
    {file = "attrs-23.1.0-py3-none-any.whl", hash = "sha256:1f28b4522cdc2fb4256ac1a020c78acf9cba2c6b461ccd2c126f3aa8e8335d04"},
    {file = "attrs-23.1.0.tar.gz", hash = "sha256:6279836d581513a26f1bf235f9acd333bc9115683f14f7e8fae46c98fc50e015"},
]

[[package]]
name = "certifi"
version = "2023.7.22"
requires_python = ">=3.6"
summary = "Python package for providing Mozilla's CA Bundle."
files = [
    {file = "certifi-2023.7.22-py3-none-any.whl", hash = "sha256:92d6037539857d8206b8f6ae472e8b77db8058fec5937a1ef3f54304089edbb9"},
    {file = "certifi-2023.7.22.tar.gz", hash = "sha256:539cc1d13202e33ca466e88b2807e29f4c13049d6d87031a3c110744495cb082"},
]

[[package]]
name = "dnspython"
version = "2.4.2"
requires_python = ">=3.8,<4.0"
summary = "DNS toolkit"
files = [
    {file = "dnspython-2.4.2-py3-none-any.whl", hash = "sha256:57c6fbaaeaaf39c891292012060beb141791735dbb4004798328fc2c467402d8"},
    {file = "dnspython-2.4.2.tar.gz", hash = "sha256:8dcfae8c7460a2f84b4072e26f1c9f4101ca20c071649cb7c34e8b6a93d58984"},
]

[[package]]
name = "exceptiongroup"
version = "1.1.3"
requires_python = ">=3.7"
summary = "Backport of PEP 654 (exception groups)"
files = [
    {file = "exceptiongroup-1.1.3-py3-none-any.whl", hash = "sha256:343280667a4585d195ca1cf9cef84a4e178c4b6cf2274caef9859782b567d5e3"},
    {file = "exceptiongroup-1.1.3.tar.gz", hash = "sha256:097acd85d473d75af5bb98e41b61ff7fe35efe6675e4f9370ec6ec5126d160e9"},
]

[[package]]
name = "h11"
version = "0.14.0"
requires_python = ">=3.7"
summary = "A pure-Python, bring-your-own-I/O implementation of HTTP/1.1"
files = [
    {file = "h11-0.14.0-py3-none-any.whl", hash = "sha256:e3fe4ac4b851c468cc8363d500db52c2ead036020723024a109d37346efaa761"},
    {file = "h11-0.14.0.tar.gz", hash = "sha256:8f19fbbe99e72420ff35c00b27a34cb9937e902a8b810e2c88300c6f0a3b699d"},
]

[[package]]
name = "httpcore"
version = "0.17.3"
requires_python = ">=3.7"
summary = "A minimal low-level HTTP client."
dependencies = [
    "anyio<5.0,>=3.0",
    "certifi",
    "h11<0.15,>=0.13",
    "sniffio==1.*",
]
files = [
    {file = "httpcore-0.17.3-py3-none-any.whl", hash = "sha256:c2789b767ddddfa2a5782e3199b2b7f6894540b17b16ec26b2c4d8e103510b87"},
    {file = "httpcore-0.17.3.tar.gz", hash = "sha256:a6f30213335e34c1ade7be6ec7c47f19f50c56db36abef1a9dfa3815b1cb3888"},
]

[[package]]
name = "httpx"
version = "0.24.1"
requires_python = ">=3.7"
summary = "The next generation HTTP client."
dependencies = [
    "certifi",
    "httpcore<0.18.0,>=0.15.0",
    "idna",
    "sniffio",
]
files = [
    {file = "httpx-0.24.1-py3-none-any.whl", hash = "sha256:06781eb9ac53cde990577af654bd990a4949de37a28bdb4a230d434f3a30b9bd"},
    {file = "httpx-0.24.1.tar.gz", hash = "sha256:5853a43053df830c20f8110c5e69fe44d035d850b2dfe795e196f00fdb774bdd"},
]

[[package]]
name = "idna"
version = "3.4"
requires_python = ">=3.5"
summary = "Internationalized Domain Names in Applications (IDNA)"
files = [
    {file = "idna-3.4-py3-none-any.whl", hash = "sha256:90b77e79eaa3eba6de819a0c442c0b4ceefc341a7a2ab77d7562bf49f425c5c2"},
    {file = "idna-3.4.tar.gz", hash = "sha256:814f528e8dead7d329833b91c5faa87d60bf71824cd12a7530b5526063d02cb4"},
]

[[package]]
name = "mongoengine"
version = "0.27.0"
requires_python = ">=3.7"
summary = "MongoEngine is a Python Object-Document Mapper for working with MongoDB."
dependencies = [
    "pymongo<5.0,>=3.4",
]
files = [
    {file = "mongoengine-0.27.0-py3-none-any.whl", hash = "sha256:c3523b8f886052f3deb200b3218bcc13e4b781661e3bea38587cc936c80ea358"},
    {file = "mongoengine-0.27.0.tar.gz", hash = "sha256:8f38df7834dc4b192d89f2668dcf3091748d12f74d55648ce77b919167a4a49b"},
]

[[package]]
name = "pymongo"
version = "4.5.0"
requires_python = ">=3.7"
summary = "Python driver for MongoDB <http://www.mongodb.org>"
dependencies = [
    "dnspython<3.0.0,>=1.16.0",
]
files = [
    {file = "pymongo-4.5.0-cp310-cp310-macosx_10_9_universal2.whl", hash = "sha256:2d4fa1b01fa7e5b7bb8d312e3542e211b320eb7a4e3d8dc884327039d93cb9e0"},
    {file = "pymongo-4.5.0-cp310-cp310-manylinux1_i686.whl", hash = "sha256:dfcd2b9f510411de615ccedd47462dae80e82fdc09fe9ab0f0f32f11cf57eeb5"},
    {file = "pymongo-4.5.0-cp310-cp310-manylinux2014_aarch64.whl", hash = "sha256:3e33064f1984db412b34d51496f4ea785a9cff621c67de58e09fb28da6468a52"},
    {file = "pymongo-4.5.0-cp310-cp310-manylinux2014_i686.whl", hash = "sha256:33faa786cc907de63f745f587e9879429b46033d7d97a7b84b37f4f8f47b9b32"},
    {file = "pymongo-4.5.0-cp310-cp310-manylinux2014_ppc64le.whl", hash = "sha256:76a262c41c1a7cbb84a3b11976578a7eb8e788c4b7bfbd15c005fb6ca88e6e50"},
    {file = "pymongo-4.5.0-cp310-cp310-manylinux2014_s390x.whl", hash = "sha256:0f4b125b46fe377984fbaecf2af40ed48b05a4b7676a2ff98999f2016d66b3ec"},
    {file = "pymongo-4.5.0-cp310-cp310-manylinux2014_x86_64.whl", hash = "sha256:40d5f6e853ece9bfc01e9129b228df446f49316a4252bb1fbfae5c3c9dedebad"},
    {file = "pymongo-4.5.0-cp310-cp310-manylinux_2_17_aarch64.manylinux2014_aarch64.whl", hash = "sha256:152259f0f1a60f560323aacf463a3642a65a25557683f49cfa08c8f1ecb2395a"},
    {file = "pymongo-4.5.0-cp310-cp310-manylinux_2_17_ppc64le.manylinux2014_ppc64le.whl", hash = "sha256:6d64878d1659d2a5bdfd0f0a4d79bafe68653c573681495e424ab40d7b6d6d41"},
    {file = "pymongo-4.5.0-cp310-cp310-manylinux_2_17_s390x.manylinux2014_s390x.whl", hash = "sha256:f1bb3a62395ffe835dbef3a1cbff48fbcce709c78bd1f52e896aee990928432b"},
    {file = "pymongo-4.5.0-cp310-cp310-manylinux_2_17_x86_64.manylinux2014_x86_64.whl", hash = "sha256:fe48f50fb6348511a3268a893bfd4ab5f263f5ac220782449d03cd05964d1ae7"},
    {file = "pymongo-4.5.0-cp310-cp310-manylinux_2_5_i686.manylinux1_i686.manylinux_2_17_i686.manylinux2014_i686.whl", hash = "sha256:7591a3beea6a9a4fa3080d27d193b41f631130e3ffa76b88c9ccea123f26dc59"},
    {file = "pymongo-4.5.0-cp310-cp310-win32.whl", hash = "sha256:3a7166d57dc74d679caa7743b8ecf7dc3a1235a9fd178654dddb2b2a627ae229"},
    {file = "pymongo-4.5.0-cp310-cp310-win_amd64.whl", hash = "sha256:21b953da14549ff62ea4ae20889c71564328958cbdf880c64a92a48dda4c9c53"},
    {file = "pymongo-4.5.0-cp311-cp311-macosx_10_9_universal2.whl", hash = "sha256:ead4f19d0257a756b21ac2e0e85a37a7245ddec36d3b6008d5bfe416525967dc"},
    {file = "pymongo-4.5.0-cp311-cp311-manylinux_2_17_aarch64.manylinux2014_aarch64.whl", hash = "sha256:9aff6279e405dc953eeb540ab061e72c03cf38119613fce183a8e94f31be608f"},
    {file = "pymongo-4.5.0-cp311-cp311-manylinux_2_17_ppc64le.manylinux2014_ppc64le.whl", hash = "sha256:cd4c8d6aa91d3e35016847cbe8d73106e3d1c9a4e6578d38e2c346bfe8edb3ca"},
    {file = "pymongo-4.5.0-cp311-cp311-manylinux_2_17_s390x.manylinux2014_s390x.whl", hash = "sha256:08819da7864f9b8d4a95729b2bea5fffed08b63d3b9c15b4fea47de655766cf5"},
    {file = "pymongo-4.5.0-cp311-cp311-manylinux_2_17_x86_64.manylinux2014_x86_64.whl", hash = "sha256:a253b765b7cbc4209f1d8ee16c7287c4268d3243070bf72d7eec5aa9dfe2a2c2"},
    {file = "pymongo-4.5.0-cp311-cp311-manylinux_2_5_i686.manylinux1_i686.manylinux_2_17_i686.manylinux2014_i686.whl", hash = "sha256:8027c9063579083746147cf401a7072a9fb6829678076cd3deff28bb0e0f50c8"},
    {file = "pymongo-4.5.0-cp311-cp311-win32.whl", hash = "sha256:9d2346b00af524757576cc2406414562cced1d4349c92166a0ee377a2a483a80"},
    {file = "pymongo-4.5.0-cp311-cp311-win_amd64.whl", hash = "sha256:c3c3525ea8658ee1192cdddf5faf99b07ebe1eeaa61bf32821126df6d1b8072b"},
    {file = "pymongo-4.5.0-cp312-cp312-macosx_10_9_universal2.whl", hash = "sha256:e5a27f348909235a106a3903fc8e70f573d89b41d723a500869c6569a391cff7"},
    {file = "pymongo-4.5.0-cp312-cp312-manylinux_2_17_aarch64.manylinux2014_aarch64.whl", hash = "sha256:c9a9a39b7cac81dca79fca8c2a6479ef4c7b1aab95fad7544cc0e8fd943595a2"},
    {file = "pymongo-4.5.0-cp312-cp312-manylinux_2_17_ppc64le.manylinux2014_ppc64le.whl", hash = "sha256:496c9cbcb4951183d4503a9d7d2c1e3694aab1304262f831d5e1917e60386036"},
    {file = "pymongo-4.5.0-cp312-cp312-manylinux_2_17_s390x.manylinux2014_s390x.whl", hash = "sha256:23cc6d7eb009c688d70da186b8f362d61d5dd1a2c14a45b890bd1e91e9c451f2"},
    {file = "pymongo-4.5.0-cp312-cp312-manylinux_2_17_x86_64.manylinux2014_x86_64.whl", hash = "sha256:fff7d17d30b2cd45afd654b3fc117755c5d84506ed25fda386494e4e0a3416e1"},
    {file = "pymongo-4.5.0-cp312-cp312-manylinux_2_5_i686.manylinux1_i686.manylinux_2_17_i686.manylinux2014_i686.whl", hash = "sha256:6422b6763b016f2ef2beedded0e546d6aa6ba87910f9244d86e0ac7690f75c96"},
    {file = "pymongo-4.5.0-cp312-cp312-win32.whl", hash = "sha256:77cfff95c1fafd09e940b3fdcb7b65f11442662fad611d0e69b4dd5d17a81c60"},
    {file = "pymongo-4.5.0-cp312-cp312-win_amd64.whl", hash = "sha256:e57d859b972c75ee44ea2ef4758f12821243e99de814030f69a3decb2aa86807"},
    {file = "pymongo-4.5.0.tar.gz", hash = "sha256:681f252e43b3ef054ca9161635f81b730f4d8cadd28b3f2b2004f5a72f853982"},
]

[[package]]
name = "python-dateutil"
version = "2.8.2"
requires_python = "!=3.0.*,!=3.1.*,!=3.2.*,>=2.7"
summary = "Extensions to the standard Python datetime module"
dependencies = [
    "six>=1.5",
]
files = [
    {file = "python-dateutil-2.8.2.tar.gz", hash = "sha256:0123cacc1627ae19ddf3c27a5de5bd67ee4586fbdd6440d9748f8abb483d3e86"},
    {file = "python_dateutil-2.8.2-py2.py3-none-any.whl", hash = "sha256:961d03dc3453ebbc59dbdea9e4e11c5651520a876d0f4db161e8674aae935da9"},
]

[[package]]
name = "six"
version = "1.16.0"
requires_python = ">=2.7, !=3.0.*, !=3.1.*, !=3.2.*"
summary = "Python 2 and 3 compatibility utilities"
files = [
    {file = "six-1.16.0-py2.py3-none-any.whl", hash = "sha256:8abb2f1d86890a2dfb989f9a77cfcfd3e47c2a354b01111771326f8aa26e0254"},
    {file = "six-1.16.0.tar.gz", hash = "sha256:1e61c37477a1626458e36f7b1d82aa5c9b094fa4802892072e49de9c60c4c926"},
]

[[package]]
name = "sniffio"
version = "1.3.0"
requires_python = ">=3.7"
summary = "Sniff out which async library your code is running under"
files = [
    {file = "sniffio-1.3.0-py3-none-any.whl", hash = "sha256:eecefdce1e5bbfb7ad2eeaabf7c1eeb404d7757c379bd1f7e5cce9d8bf425384"},
    {file = "sniffio-1.3.0.tar.gz", hash = "sha256:e60305c5e5d314f5389259b7f22aaa33d8f7dee49763119234af3755c55b9101"},
]

[[package]]
name = "windmill-api"
version = "1.181.0"
requires_python = ">=3.8,<4.0"
summary = "A client library for accessing Windmill API"
dependencies = [
    "attrs>=21.3.0",
    "httpx<0.25.0,>=0.20.0",
    "python-dateutil<3.0.0,>=2.8.0",
]
files = [
    {file = "windmill_api-1.181.0-py3-none-any.whl", hash = "sha256:6bac22e950a63ad8fd33039022c171bff9187188cebf3d5aca31adf5d7ebf072"},
    {file = "windmill_api-1.181.0.tar.gz", hash = "sha256:4d1bddfd7182b16600f8d840fd70ddf30544618ec4d242c4a1a8154f90b9800f"},
]

[[package]]
name = "wmill"
version = "1.181.0"
requires_python = ">=3.7,<4.0"
summary = "A client library for accessing Windmill server wrapping the Windmill client API"
dependencies = [
    "windmill-api<2.0.0,>=1.181.0",
]
files = [
    {file = "wmill-1.181.0-py3-none-any.whl", hash = "sha256:700d8aca0d7c614df08cb69e9091841a62c6e60a5e16b98b89eb7b5331a0832d"},
    {file = "wmill-1.181.0.tar.gz", hash = "sha256:e3391c98f4295d0d201f87b8924b64b14d2fb13295f2fde145ef2e52e978db9d"},
]
