# workspace-dependencies-mode: manual
# py: 3.11
annotated-types==0.7.0
anyio==4.12.0
cachetools==6.2.2
certifi==2025.11.12
charset-normalizer==3.4.4
dnspython==2.8.0
google-auth==2.43.0
google-genai==1.53.0
h11==0.16.0
httpcore==1.0.9
httpx==0.28.1
idna==3.11
mongoengine==0.29.1
pyasn1==0.6.1
pyasn1-modules==0.4.2
pydantic==2.12.5
pydantic-core==2.41.5
pymongo==4.15.5
requests==2.32.5
rsa==4.9.1
tenacity==9.1.2
typing-extensions==4.15.0
typing-inspection==0.4.2
urllib3==2.5.0
websockets==15.0.1
wmill==1.589.1