locks:
  f/combine_data/copy_movies.flow:
    __flow_hash: 8c53614bd931fcccdf2128a517d0992f68c203598cc204cb447c23f3c708662d
    inline_script_0.inline_script.deno.ts: f03dbc7ef82072435b527cdb9d28c556bd5e66ee260b0760913c24971b66cb57
  f/combine_data/copy_movies/create_movies_table: fdd407312ce8690e62d0cc41bc640ea1a2b97aa86b92cfccfedf7a2dad20545c
  f/combine_data/copy_movies/main: 2d05983d3ea177b53303fe84a735cda76139bd4044381095ec94abb1375152af
  f/combine_data/copy_streaming_countries/main: 6f5efaad4d2fb023a6d3f510b9e1ca207ce0d6a50ede93852c35072daa6b07fd
  f/combine_data/copy_streaming_provider_links/create_streaming_provider_links_table: c6975d5e60d96eee36f0b9b8634ddbcc9affcc2b273c2300363a0dd426c6d996
  f/combine_data/copy_streaming_provider_links/main: 4b8113a76fe7cfd31dfe7ffb749db6a1a8605449cf8035423c64353a06fc0c48
  f/combine_data/copy_streaming_provider_links/update: c5a3d4596b51bd95216555a4b92c91505acacb45c18dc7d68ab02f162fa5486d
  f/combine_data/copy_streaming_provider_ranking/main: 779d848fa9e0f43aee63b35b84ed02a28e0b1cf5770b7cb2a8d20d8271a7b21b
  f/combine_data/copy_streaming_providers/main: 953ffa8c5347f76bc1d3468b14d55e5eba56b6e96ba39a3ae992bfc172b4c284
  f/combine_data/copy_streaming_providers/populate_from_tmdb_api: 2482a556320d93639911ef587e6ebd4fe3f894958792883564d458a00758b72d
  f/combine_data/copy_streaming_providers/postgresql/create_streaming_provider_tables: 024435af84bc1d11b060744da1e1d95f4d6c7ba7862f9e533ba9a81855d93e01
  f/combine_data/copy_tv.flow:
    __flow_hash: d48c2fa422e1e4ba9782b85aac3017ee97d75d2c7cddfe0be983f2e55e4bf84b
    inline_script_0.inline_script.deno.ts: 5ae69d8c027909a2433a6a5f39a6988f4462770a6ba4134f127c566e75a9a8ae
  f/combine_data/copy_tv/create_tv_table: b3b4c8deb322d38d08b87416d9ad42190b5b1736ad62bd79d9bb79607ba3d4c3
  f/combine_data/copy_tv/main: bb733a57a0c043fce01daa4ae98df6075d37aeab5a02c089856b318cbc0d89f9
  f/data_source/common: 442d137713e1bfd91db22e185a42c6f05ed356420d7cb5cb7d5e1f4a4464237e
  f/genome/dna/copy_dna_data: 44c34ffffe898bc1a208ebe32b31223063e9f30391ea98c85d0506a085538218
  f/genome/dna/create_dna_table: 34229d62beacfa597a2269df80046e4ba802038f6e1ea80859b1ac5c137e5b18
  f/genome/generate/cleanup: c8b36c90bd2dc3a052ebb861a7ad26ae2a92ce3f061ad6cd371abd0c192c79f1
  f/genome/generate/fetch: 9a844ffee9deb9753b90ba64e2da1708963dfc36f8880793914a7c63e379e4b2
  f/genome/generate/fetch_from_chat: dce97009a8757f62a5a81dc0355714503c1c6861149fcb2a003f16d4fd477c2d
  f/genome/generate/iterate: 1dd0d8df0f33b8b37c02c8505d5f7b2d856d95c3181c56ff52fe2469e3413dcd
  f/genome/generate/next: 03775703690b96cf303b359189721dc1a9b918f7ee5184056805f1a87cefde02
  f/genome/groq_test: 85123fba755a16b37d5fa0da459950b7e182cfc8a630a5cb99e68ddf7cf501f7
  f/genome/hug_api: 0f9921ae3c5ce24b58d8183a6456ef965edc2684c60cf12faf50c9004c9cffec
  f/genome/hugchat: c39439e2b2f80ff49281ad4830c5458605238a7858e21beeecbb185eaed6a018
  f/genome/init/main: 6297f2a092765dbb0ea94583c181b38c49ee59dbef3c0a94bf8d03676d1c074e
  f/genome/init/update: 137209b3b88d7f6945895e5aff926a887ea57f5d7244c54550ce11c1266139bb
  f/genome/iterate: 43415039746e51ac0784840fd73060d341f001b43ae1704e30932e663818d6db
  f/genome/models: 14236154c9593c61de5b7585ce3a1b38862703bf0315ed80e617a17e411a4e64
  f/genome/openai: 56bff0b76f5ebc588d0607b52ad1282a4c2e58e4a38057495724600b54c4e0a5
  f/other/proxy/bland: fa09d17e54413ae64badaafb673b21ac089f079edb95886b1f898673a127ed83
  f/other/screenshot: 3651c941be97b2f6292130677c97800ad8ce8f746983f00f89d29741e09a3ff7
  f/priority/next: 7424cdbc20eea4a638208280c39182c40c5f4d3a0f770ce83ad94b82f51257cd
  f/rotten_web/rotten_tomatoes_crawl_ratings/fetch: 456b8d0a70fa5daa2d7306395dcb34488c3904b2fa04bfcad4a3676ecba51f55
  f/tmdb_api/models: eb7b33e4171813349524ccf302e8932d66b988ab7fe5992929463ac07cc4136c
  f/tmdb_api/tmdb_fetch_details_from_api/fetch: 7f16308e42116c6f3e19422c81341fca6c4300403636af5a3048b6b8af8eecd2
  f/tmdb_web/models: 248b3a3c1f0896abe98e4320cb7c778f39319f2ea20b99805b83fcbbe48ff598
  f/tmdb_web/tmdb_init_providers/main: 9462d2fe953ba84ca61a504bef6752456cd1b2ef08c440c0fb9cd5c81fa99797
  f/tvtropes_web/models: bcc1391368238d32a32f484ee22d4db54636e7fb3d64c95ecba9dcac2183cde6
  f/tvtropes_web/tv_tropes_crawl_tags/fetch: 9cfb2f720507502bf638d72e3dce0a7b4d13b3f94878470b6e75c8c005ec9acd
  f/tvtropes_web/tvtropes_init_tags/main: 1ce807940ae5a2d9e3d5fdaf5f4fc59f6071165476a8451d3a8a90f9cb56be6e
  f/user/create_user_indexes: 2116ce5c519f2211961f51e394db1572cdd4d304635efd220d9b2d2b2d4214cb
  f/user/settings/create_settings_table: a153d26f051a334bb0d4928503a85df8a802cba66caf2d3f4fb070b12d710115
  f/user/skipped/create_skipped_table: 9ced2de109dc82ea10961478a16d332010583eeb8f53d0c679323ed2cd348aab
  f/utils/visit_goodwatch_and_populate_cache: a8b117043113315fdcf131c370339606e24121facba659bf7aafc0140a0a3586
  f/vector/create_vectors_media_table_and_indexes: e121b6120f0d50eedfaf89ac63efc650c821b62446f94c8cb71e26a875b0cac1
  f/vector/create_vectors_query_table_and_indexes: 8b5779e3497600cc85efe340475f39541910bc1fc71af6a271439ac5165788bd
  f/vector/save: dbaf70a83078ae65f5144091efd5e11a6cb0faf6fcea17df244b779799782eba
  f/vector/save_weaviate: d037a268c911497df4e9e7401cbfab13fdb12238c411f4d90e76989639cd51a5
  f/vector/test_embeddings_transformer: 2c9425f5fe2f83e54b32f3aa9e0613cc5657d087aa1dacd462e5ea1630aa539e
  f/vector/test_vectors: 73e79cee15d884f460844e6fa7f573237e01ec8c4bf975294be652812f15a1dd
  f/vector/test_weaviate_vectors: 8754d0be96dd3f9dfd43fb077cfa8920c1aa2175a308a4586e59017ee59dd2d9
  u/Alp/trusted_script: 21d6f63375f6012b00273abc57a302f1df86730bdf9c2a379015cb7f88490eec
