locks:
  f/apps/stats.app:
    __app_hash: 44136fa355b3678a1146ad16f7e8649e94fb4fc21fe77e8310c060f61caaff8a
  f/combine_data/copy_cast.flow:
    __flow_hash: 1c31e54188c8286d992e0bea74eeddc20433cdf896d9aaa9fac87639736aa4a7
    c.inline_script.deno.ts: 1cc9ed8a1ed96f69741482901f5137e09a0ecb77aa5dbc39b1adf699fd2137b1
  f/combine_data/copy_cast/create_cast_table: f481b790572fa280682137fb8260b64b298f1b9d8dcebb2ae1ba9935e65acc5d
  f/combine_data/copy_cast/main: 22499e86e8880d28eb9321e7e4aae53a4e7b91eada2c8f86fe8f474b32301760
  f/combine_data/copy_collections.flow:
    __flow_hash: 44136fa355b3678a1146ad16f7e8649e94fb4fc21fe77e8310c060f61caaff8a
  f/combine_data/copy_collections/create_collections_table: edbeea8c988de4170e496b3ab7d56a7a1683ca0637338f75962d8e8cbedd4761
  f/combine_data/copy_collections/main: 30a0187b462b8197930ea3cee39be61e0e891ec069886a27a8ce78166ed85f49
  f/combine_data/copy_crew.flow:
    __flow_hash: 93546ee881e541177b5f45dd7aa71c16f01ae1573fedcd5d46c09c911feff137
    c.inline_script.deno.ts: abd35655118464ce0c60461145a6879fc2938d2572e14f1c5734b439723c3ca8
  f/combine_data/copy_crew/create_crew_table: 95a3ebb296d9eb6cc6f326941afce7aec8b5fef326831ac57fc6c260af502e4a
  f/combine_data/copy_crew/main: f20c4171100f0aa29b35e4c0384c2780a66696015eb92c3415b00089a51c4383
  f/combine_data/copy_movies.flow:
    __flow_hash: 0ddfc7583ebc817b71c70a778946c6ff005c6039af9b104526c7e9a8b0e80fcd
    d.inline_script.deno.ts: b48c55ff8acda1400bf0f5d45040d6ef633a9ab17b5372be1c5ada0094ecd739
    inline_script_0.inline_script.deno.ts: f03dbc7ef82072435b527cdb9d28c556bd5e66ee260b0760913c24971b66cb57
  f/combine_data/copy_movies/create_movies_table: 01d21fb30181c786795012d8fd97c044b06b11f1679a7b04b5709879d64d4a28
  f/combine_data/copy_movies/main: da34c93c7c4e5b36542129a697fc52bd8fff5c1f6ae0efecb584a5fea9f5c0fd
  f/combine_data/copy_movies/update: 4e90f26423d1f10c51d6926c93d7f10ab76cd64620c454b2d659a05009689e0f
  f/combine_data/copy_networks.flow:
    __flow_hash: 44136fa355b3678a1146ad16f7e8649e94fb4fc21fe77e8310c060f61caaff8a
  f/combine_data/copy_networks/create_networks_table: 839be6bab001297135960e83a66f02f5a5dc0b2818013ae7765cefe0dfb2a00e
  f/combine_data/copy_networks/main: 6fbab7c798263951c5dd19139befcbf2d76307c5e66a08a975cc529f5a5a6f00
  f/combine_data/copy_production_companies.flow:
    __flow_hash: 44136fa355b3678a1146ad16f7e8649e94fb4fc21fe77e8310c060f61caaff8a
  f/combine_data/copy_production_companies/create_production_companies_table: fd39f8c08b1793a5829e7b92804d7213c488d081d4696736c6b822a0ea7f8063
  f/combine_data/copy_production_companies/main: f925689dded136b20b8617ccde6c1e191f3dc62ed72f6589e0395c65022c708c
  f/combine_data/copy_streaming_countries/main: 6f5efaad4d2fb023a6d3f510b9e1ca207ce0d6a50ede93852c35072daa6b07fd
  f/combine_data/copy_streaming_provider_links.flow:
    __flow_hash: 402905c9c01e254a683c06601fdc12dbedaafd398ab68f4eb51bf3ad466d96cd
    d.inline_script.deno.ts: 1f02492bceea156c48e3fe6d364a332d8d93a98b8b43227f60a7186d957e1cc6
  f/combine_data/copy_streaming_provider_links/create_streaming_provider_links_table: 49981618696cf649a63dc6e2f3eeb8c7f2a50f0194e098e5ced002a88c0ceb30
  f/combine_data/copy_streaming_provider_links/main: ae888878aeeee06f0622b4119865a359944a96ab40c2a409ee88ccefc2cbde4a
  f/combine_data/copy_streaming_provider_links/update: c5a3d4596b51bd95216555a4b92c91505acacb45c18dc7d68ab02f162fa5486d
  f/combine_data/copy_streaming_provider_ranking/create_streaming_provider_ranking_table: a045a8ad8f79488903545e97b34c964ff66e5afa99fa7a4030c7902b36ce4fe3
  f/combine_data/copy_streaming_provider_ranking/main: 779d848fa9e0f43aee63b35b84ed02a28e0b1cf5770b7cb2a8d20d8271a7b21b
  f/combine_data/copy_streaming_providers.flow:
    __flow_hash: 44136fa355b3678a1146ad16f7e8649e94fb4fc21fe77e8310c060f61caaff8a
  f/combine_data/copy_streaming_providers/create_streaming_providers_table: 0b9f657968200652c2dc2c445d9b9d4386fb60e1f8be7b51fc6404d491dea0c0
  f/combine_data/copy_streaming_providers/main: 953ffa8c5347f76bc1d3468b14d55e5eba56b6e96ba39a3ae992bfc172b4c284
  f/combine_data/copy_streaming_providers/populate_from_tmdb_api: 2482a556320d93639911ef587e6ebd4fe3f894958792883564d458a00758b72d
  f/combine_data/copy_streaming_providers/postgresql/create_streaming_provider_tables: 024435af84bc1d11b060744da1e1d95f4d6c7ba7862f9e533ba9a81855d93e01
  f/combine_data/copy_streaming_providers/postgresql/execute_query_and_return_results: 1d49d2bed461fefc9e964ff1475ad55a5bacf1023ff03243dffe29e35db79f33
  f/combine_data/copy_tv.flow:
    __flow_hash: cc33264f94f578ae41e79cc747e841ab88533dc754c3e8934a975d32e7bd1a5e
    c.inline_script.deno.ts: 32a5b48808a7c227b1047b44eeac850504e5bf83bc1f58f00975a68fd7c942fa
    inline_script_0.inline_script.deno.ts: 5ae69d8c027909a2433a6a5f39a6988f4462770a6ba4134f127c566e75a9a8ae
  f/combine_data/copy_tv/create_tv_table: b65b980ece821b7e9f526ff633397e92beffe10e2eb57c5b861b161b8edeaa3d
  f/combine_data/copy_tv/main: 7ad034706cff749d98e6ca71951ecbae8f1a48764b044204a3a887211b3b5acf
  f/combine_data/copy_tv/update: c62767b42dcf0394547f990cc956692d55e1c255070ea61c7241db35fa7ef979
  f/data_source/common: 442d137713e1bfd91db22e185a42c6f05ed356420d7cb5cb7d5e1f4a4464237e
  f/data_source/models: 83dac008dff5170169bccd88c43ee803fbfa6e202444865c2ffde413c9661238
  f/data_source/request_with_proxy.flow:
    __flow_hash: b766cce5cf0f327e434dd5c7d0d47437bc848153783418e8c1a90b5730c83944
    a.inline_script.py: 478fa56b579bc59edfe8db4fc2a314787ce803e7250f69627210e9db3bcf46fb
    b.inline_script.py: 081f20112fca248d42f001bfad4bf19851ae4980226b6e0942c2cabdc1faf423
    c.inline_script.py: 52ead2a378057dcb958e993772ee46b07d5474b74bd6a41052f9b57555f3b292
    d.inline_script.py: 110f127145f55fcfb3c240341bffa0abfe6d8cc4e7a06aaf3a48411392970fee
  f/db/arango: 5cbaee3f181fc48c44af8617cd69407763f320bc2899f8be6832b019748d7389
  f/db/cratedb: 4b9c301c30162998c03ed582898e8304a8a49ee4783fd387535ed291832d286c
  f/db/milvus: 3a4b8805c5d17c0584d3b942f01aa70142dd23b4f254d0fa5e484628b3340585
  f/db/mongodb: 0067eac7ec0bdba1a7d3a42a3b7ee334d4006d56023808852c28397afc8a3a17
  f/db/postgres: 086e86c083fe20816c0e338bfd94e5616267d015fbb3127569abbf9310dd44dd
  f/db/qdrant: 9cc3773aea4ef3dc3647577b9b613dbdd32a28f8b9bddc15350fb3b30def1876
  f/db/redis: dd6632c358bc3dd6b0cd66db3ec1b102248459c3bac77f02bb84fb9eca97f842
  f/dna/crawl_all_by_id.flow:
    __flow_hash: 3c19f64f5490bfeba2d6f63817c377ac320c0c0f7b9d28a13d32eca8dd05beda
    flatten_and_combine_results.inline_script.py: 2f594b15e5b7549c9249f39c0729a5928594d58a6971cad4ab09a475bb85c698
  f/dna/generate_dna.flow:
    __flow_hash: 44136fa355b3678a1146ad16f7e8649e94fb4fc21fe77e8310c060f61caaff8a
  f/dna/generate/fetch: 0eea708e51ecfeadece4013b2da868dc1f442452f87a88337799a80af0e260d6
  f/dna/generate/iterate: 47e09dd757cab2870951446e16d566d37db2e1a87c5674e41b204908f6b481a7
  f/dna/generate/next: fa2d15df0f52193707b4b64810001fda128bad9ddeeff43730c7b6a03017e74d
  f/dna/generate/vectors: 46190db248f2d543c5744ccaf52f0e5897abdd37b7930f6233f1d4d5700b7315
  f/dna/init/main: 77d63a8d563e5da7698327f6d7fb4dd718be883e6f78fca98da657dfbe8efae3
  f/dna/init/update: 69cb4aac86975a3173250982c18e76e362e3962844570e85e82dc329f9cd4d96
  f/dna/initialize_dna.flow:
    __flow_hash: 44136fa355b3678a1146ad16f7e8649e94fb4fc21fe77e8310c060f61caaff8a
  f/dna/models: d6ec52d3aa1094deef54ec9ae9d26b8884c4ca83d550d9773f6f93c55d2c0c14
  f/dna/test/generate: 72c413313a9907ad7554ba3b9632d4fc2cace02fc5c10719091ee4959f88affd
  f/dna/test/vectorize: c8f2134ee1d070a64dee053ba82a6e798f01e703658e239a50016e70da978be0
  f/genome/cluster/detect_clusters: dfbda45a11401aabc52622cbef4f7ef0fb64ec4f9e4537ed8072c44dec4615da
  f/genome/cluster/detect_clusters_old: 4e93614b309e90bf9cbbdd73ef0d2b6dccc1ce627718b012ef664be8492b6967
  f/genome/cluster/detect_clusters_v2: f9ffba68d255b65cf1ce3fdaded6acf5f0d35b941e33367aa4796c62d45c3bd0
  f/genome/crawl_all_by_id.flow:
    __flow_hash: 44136fa355b3678a1146ad16f7e8649e94fb4fc21fe77e8310c060f61caaff8a
  f/genome/dna_v2/generate: 4f02e59dcef8c74bbdb45157206bd5522eb85139dd4fdceb275fbb5c0503d310
  f/genome/dna_v2/vectorize: c879228c690841c8b2f7736e23ba2f7694b65932120b1291175705f7f48c4230
  f/genome/dna/copy_dna_data: 67983ebd6d1614110ab70a7160ecf991f916cf97a558dc3c47c8bd1318630952
  f/genome/dna/create_dna_table: 4b67f0e0c5b9780a02eea7d5b161d6b32bb3848710591369e524a1ba84b67d7a
  f/genome/generate/cleanup: c8b36c90bd2dc3a052ebb861a7ad26ae2a92ce3f061ad6cd371abd0c192c79f1
  f/genome/generate/fetch: 65318dae9ae47fdfd144e56cf52ba8fe93d9d1dd4900a75ca1fb13b681e9bf47
  f/genome/generate/fetch_from_chat: dce97009a8757f62a5a81dc0355714503c1c6861149fcb2a003f16d4fd477c2d
  f/genome/generate/iterate: 1dd0d8df0f33b8b37c02c8505d5f7b2d856d95c3181c56ff52fe2469e3413dcd
  f/genome/generate/next: 03775703690b96cf303b359189721dc1a9b918f7ee5184056805f1a87cefde02
  f/genome/genome_init.flow:
    __flow_hash: 44136fa355b3678a1146ad16f7e8649e94fb4fc21fe77e8310c060f61caaff8a
  f/genome/groq_test: 85123fba755a16b37d5fa0da459950b7e182cfc8a630a5cb99e68ddf7cf501f7
  f/genome/hug_api: 0f9921ae3c5ce24b58d8183a6456ef965edc2684c60cf12faf50c9004c9cffec
  f/genome/hugchat: c39439e2b2f80ff49281ad4830c5458605238a7858e21beeecbb185eaed6a018
  f/genome/hugchat_generate_genome.flow:
    __flow_hash: 44136fa355b3678a1146ad16f7e8649e94fb4fc21fe77e8310c060f61caaff8a
  f/genome/init/main: 6297f2a092765dbb0ea94583c181b38c49ee59dbef3c0a94bf8d03676d1c074e
  f/genome/init/update: 137209b3b88d7f6945895e5aff926a887ea57f5d7244c54550ce11c1266139bb
  f/genome/iterate: 43415039746e51ac0784840fd73060d341f001b43ae1704e30932e663818d6db
  f/genome/models: 14236154c9593c61de5b7585ce3a1b38862703bf0315ed80e617a17e411a4e64
  f/genome/openai: 56bff0b76f5ebc588d0607b52ad1282a4c2e58e4a38057495724600b54c4e0a5
  f/genome/refine/vectorize_dna: 87952fda31de42c0151902ed12d5aeeeaf2454015db6f858a6b5b02726ccb60a
  f/imdb_web/crawl_all_by_id.flow:
    __flow_hash: 44136fa355b3678a1146ad16f7e8649e94fb4fc21fe77e8310c060f61caaff8a
  f/imdb_web/imdb_crawl_ratings.flow:
    __flow_hash: 44136fa355b3678a1146ad16f7e8649e94fb4fc21fe77e8310c060f61caaff8a
  f/imdb_web/imdb_crawl_ratings/fetch: f8cff10ee4bac021b43b238c0b55713bc9b487550a3d99ddbb2fafb45169a753
  f/imdb_web/imdb_crawl_ratings/iterate: 6e225c43678f6431b3776f083209a7d6d5eb11a7bda4f92c432473e0523a11a7
  f/imdb_web/imdb_crawl_ratings/next: 68eb04ab349a89f3b4751cbb7aee49fb4a9bf3f9487b748fdf85378d115c6994
  f/imdb_web/imdb_init_ratings.flow:
    __flow_hash: 44136fa355b3678a1146ad16f7e8649e94fb4fc21fe77e8310c060f61caaff8a
  f/imdb_web/imdb_init_ratings/main: 5239f2f706f2dc5ddaba0ae6cc3c512ae3b975af0243943b63d69775da5bb870
  f/imdb_web/imdb_init_ratings/update: 8f139877c27833e84d8babca4acdddd56bba2cb8a34d73adcd31b5f3b92bc2dc
  f/imdb_web/models: e91c928af3ee6a1bd07904b686a9574e8c29bdefdd573d8503b29a6233bdb96e
  f/main_db/config/graph: 31124602c094089788801ed2f1d5f8c4af73ac652ac43cbb725d5e530438f80e
  f/main_db/copy/tmdb_daily: efcd81ceda9e3611e799f87530633685edb974f70ecfe97ca5c1d85d3ea2e0e4
  f/main_db/copy/tmdb_details: c98b7a4eb97908f2d8a721cf6345ad17288589c9a89e33c136ff2d22116e8da1
  f/main_db/copy/tmdb_streaming: fa6290d19b069e6b0b837246c112c5337d657a9a41fe9b88aedecc57659ddb5d
  f/main_db/initialize/graph_db: 9b5eb958a648c7a65c6711bc017fbbfe4c17a32cf1daef1afd62299adacbf359
  f/main_db/models/arango: c01f216e1c51c3d5d10fdd701711b3b7332300da433b545b3832b45d9c7711c0
  f/main_db/models/tmdb: a7e32d47aeb34d38cf9e24de69ec650c7c4c09bf668b3c9ee83a2b9288626480
  f/main_db/populate.flow:
    __flow_hash: 44136fa355b3678a1146ad16f7e8649e94fb4fc21fe77e8310c060f61caaff8a
  f/main_db/populate/tmdb/age_certifications: a0d987e925ab48b0e247225b8e5471154c603c76b23816c2d03e9f7d00f88b54
  f/main_db/populate/tmdb/countries: 2e839f1a7976042394943b05f598256f59ba30cb109af61b35798c1afabbe694
  f/main_db/populate/tmdb/genres: 149bb3e485a66b98da27e2ab493039fde54ae860f5ae245d10f39730aba1f069
  f/main_db/populate/tmdb/jobs: 7c108598053729ed61a2d26446cabd79e7d841206d70f2ca237b243021c08214
  f/main_db/populate/tmdb/languages: 25bf04c433f633a4d1297d9b0360417754eecfe82170bbe9a61073d09b063e2e
  f/main_db/populate/tmdb/providers: 0a1cb1d214863a1e052576ada305a1666dce2a5cd8b6d9b5a9edddacd4ae8d5f
  f/main_db/populate/tmdb/timezones: 6da4dd9ebdb5b6db97fca8216d8bc0a2acc976c8b45ae1d2b19aa97933fc5f1e
  f/main_db/sync/movies_and_shows: 7333dac313f973693020effe2dfd2dec464e2af68f7c05b6d3c36b1099f22175
  f/metacritic_web/crawl_all_by_id.flow:
    __flow_hash: 44136fa355b3678a1146ad16f7e8649e94fb4fc21fe77e8310c060f61caaff8a
  f/metacritic_web/metacritic_crawl_ratings.flow:
    __flow_hash: 44136fa355b3678a1146ad16f7e8649e94fb4fc21fe77e8310c060f61caaff8a
  f/metacritic_web/metacritic_crawl_ratings/fetch: dd3334028d1ad03ee1702b4a194186c3add073f73683103d7b1dc7839e057dbd
  f/metacritic_web/metacritic_crawl_ratings/iterate: 3a9ae785ec0e1f150b60c7194c49b041e32e954950de7c29ec98d0f6b3cb0b43
  f/metacritic_web/metacritic_crawl_ratings/next: 59cdb3714dca4936c1fcf38e22ec0bdaa5250a985c540d005b74cbd66b1d9689
  f/metacritic_web/metacritic_init_ratings.flow:
    __flow_hash: 44136fa355b3678a1146ad16f7e8649e94fb4fc21fe77e8310c060f61caaff8a
  f/metacritic_web/metacritic_init_ratings/main: 866b478e197e66ba8d241e01b018c634e42b78a864870ba1181e218779f40bc1
  f/metacritic_web/metacritic_init_ratings/update: b325122243f30d79f7a7769d6551bb06f53975c2ac29b36a2b5fcb2168b6f529
  f/metacritic_web/models: 153a830ed5902bf71ba751f772ffe912b0d5169ec9f6ba090edd06cda75dd8ba
  f/other/proxy/bland: fa09d17e54413ae64badaafb673b21ac089f079edb95886b1f898673a127ed83
  f/other/screenshot: eda0e1234502ba982e670df752efcae9a660c913ca501ef2ed8450f9707fecb9
  f/priority/crawl_all.flow:
    __flow_hash: d3ed709fe9e90a0eb415e0d0bd8aa68598a03b9b4f48a0b17cd1aa98acea1373
    skip_dna.inline_script.py: 18043160ad5c0503856dca6a540566c5f77fd77c58f88e90f003cba09d10f6f5
  f/priority/create_priority_queue_movie: 725ef8f1e7f4257d6d9c446b83ab1d63fe7713ed264f336dc7168e30a03eda46
  f/priority/create_priority_queue_tv: 9744086c83f4e4c6289bd9d6af13be799aa7c76b70b0253b7fad3267e27e6b66
  f/priority/next: 7424cdbc20eea4a638208280c39182c40c5f4d3a0f770ce83ad94b82f51257cd
  f/priority/reset: 9302b861fffc526d565590c9342c3abc22b11f83178c523ed9f4dfae1cdc9d99
  f/recommendations/100_movies: be8d5f7ed4e8e5975607bfb72c4b20943388ea4687db559492f52dd9e6feb4e6
  f/recommendations/chroma_movies: ca1a51c34238672627cb68419685718b485691aa1a73ba736eb212817d8ec478
  f/recommendations/movie_batch_embeddings.flow:
    __flow_hash: ff22e4bcc0f806bc804c63cb3dd5dbb00d88e42577cde5692f7e60eb165865a5
    k.inline_script.py: 5d65442e1f48066f263ba645c684d0758f04b8c3e7cd744619447b52776bf48e
  f/recommendations/query_movies: e23a1e59fa7345f26efcfe014bb5a3975db377d8d0e15f96f1a7f16a464c56a8
  f/recommendations/recommend_movies.flow:
    __flow_hash: a437f824e128721f043a7986dcea04c611028c25128e6ea4f100ea90d26a19e0
    a.inline_script.py: 842186f88ea720028f346905c0240cd323c64089532d0cf8ee0215d692dd739a
    b.inline_script.py: 44c20b3b934dc1761094ffa2afee68f19a900b25e74b216252b697a081c99f79
    d.inline_script.py: b20bf096d6b7d9d857c52e90e761f289059c886f6584af633a928aa1c4185e5d
    e.inline_script.py: 08220656a9423e5a7c4f0c051f0392332981e6ab7bce2a804f78ccbf326dead7
    m.inline_script.py: 552946b7f9eaba8d273ba0a7da00ef84f86356c152f65e9825e811e97201f136
    n.inline_script.py: 6085171c4f1b37a351ab62c3b1b975a67daee22c07dec914d08ef886b4a6a06e
  f/recommendations/test: 7493bde9f43344c889680f42d7b9a4aa9e336a196512813ddbe6171852803864
  f/recommendations/user_recommendations: 5c12da7efa09979cb0f46a3adbd96dfaef0d5bfe3aaf15444d9cb31a26657691
  f/recommendations/weaviate_movies: 2347fa0f5b8b2efa4eea6a549faac1c069e7d3b8d886b47825c7b4ed52c8eb53
  f/rotten_web/crawl_all_by_id.flow:
    __flow_hash: 44136fa355b3678a1146ad16f7e8649e94fb4fc21fe77e8310c060f61caaff8a
  f/rotten_web/models: 62c00432af519c435135475647acab10e81616a6b5afce1f2c0fca8cc3ccc20c
  f/rotten_web/rotten_tomatoes_crawl_ratings.flow:
    __flow_hash: 44136fa355b3678a1146ad16f7e8649e94fb4fc21fe77e8310c060f61caaff8a
  f/rotten_web/rotten_tomatoes_crawl_ratings/fetch: 9e149227b1af7ea1720b26f18915f034ba98a4297b5bdad0ba8fd1aa89a98281
  f/rotten_web/rotten_tomatoes_crawl_ratings/iterate: a03e486ec18d517f2c7f3b30897705a1f4507f168897a6007db69dc0d714e123
  f/rotten_web/rotten_tomatoes_crawl_ratings/next: 7d8c1465ea418b0b185ed774b1e6f3d18b77fbd59abddd6e961baca825e344b7
  f/rotten_web/rotten_tomatoes_init_ratings.flow:
    __flow_hash: 44136fa355b3678a1146ad16f7e8649e94fb4fc21fe77e8310c060f61caaff8a
  f/rotten_web/rotten_tomatoes_init_ratings/main: f2caa4c306efe66f585c0ecfc144c04d8d9e5dd9d3c1936401c6bb6a19f23fc6
  f/rotten_web/rotten_tomatoes_init_ratings/update: c22c942ed4f6820720147240919d74cc876b42e2c4929ac073be9da945836bd1
  f/scripts/counts: 8c534708ce26d8fd8481a9c4832d9f7f8c548ce4b17bc5606441e25a093149fa
  f/stress/load_testing: 9c3d76afd2c0b13f369998da1324cdab8fa15b2b1e7a10697143e941e369589e
  f/sync/copy/all_ratings: 6dbcb4d81f62a996bb069a259dc06715d4b6435fa3148c65f632bb61a56f4227
  f/sync/copy/dna_data: b1247a5b70623ddc100e638fcc58e5b93f901f03aea6a42db3308799a8111140
  f/sync/copy/postgres_user_data: a79679e34a8b754711765ee93beb540b51c363a5ffb017a159b01cacc9e32965
  f/sync/copy/tmdb_daily: 7814f6ee77bc2e1d9aca4ad0ad7c5eb7ad13793359186a3069884c5335107aa7
  f/sync/copy/tmdb_details: 5116177e01c0700d512a9975f2aaec07a6ce02aec32d07ce297477afe6bc344f
  f/sync/copy/tmdb_streaming: b2f206c52f3de86a0a2e18bcc9c81abd5b7f90f67999b20062cd3fae6a586442
  f/sync/copy/tvtropes: dac3e6f0cbbe6c32749f998670033c519b4735c15e27d010f7a96380a6033806
  f/sync/copy/vector_data: b7168247f285e0c961e5c1103642706cfbf27681d81958bfce39db9c49733362
  f/sync/init/cratedb: aabd1d0a9793c172a5d2b6f0acfd9a5662038437c4db8085229be21a30c8b59d
  f/sync/init/milvus: 5df8f35e0f5a1cd76913276651f81b69c068459960c1db48afa82d4f73dcbe56
  f/sync/init/qdrant: 9ef9848baf4354fd647038385655b9b6b85f72a85cf247212e606361bf468c4b
  f/sync/models/crate_models: 60621e90b6cc69bcba7cdc024da25d43443aac0bbb10375ecc7a53f440205f20
  f/sync/models/crate_schemas: 192d5ac716ac659cea2d5abe7860eae244bdfe71270e9d32d64464bf02f6ed66
  f/sync/models/milvus_schemas: 9c1d1503f0ef6a651d94b6f4a1d3e1807558503c7d7feff6098f565cad43cb72
  f/sync/models/qdrant_models: d900e59abbd765735937521ee351427ac8999a38b3abe2c7055ed4324f768e42
  f/sync/models/qdrant_schemas: 0112cb4a9c57c828a3ec2d601d37cbcd0e69357a445409c4425c50b2860d4937
  f/sync/models/tmdb_models: 97a54970cb07658cde81f26b63052eb0bb3e563066c5dea5114910ff7241751f
  f/sync/populate_crate.flow:
    __flow_hash: 44136fa355b3678a1146ad16f7e8649e94fb4fc21fe77e8310c060f61caaff8a
  f/sync/populate/tmdb_age_certifications: 882b6a0e8a0df1e8357831596cd060e4e58fc42f96c93e142862b348b0758ac8
  f/sync/populate/tmdb_countries: aa5cf63f4ad5393988777727f69e3fd0a141f781fee10c92eb81547e87878083
  f/sync/populate/tmdb_genres: f68471cc0843a0592c0367c7e593aacd6be03b073414ef495ea674e9e114f5b9
  f/sync/populate/tmdb_jobs: e03c09b4b7ddcbbbdfcfb253f1e63f9854473a91816f9a5c7a55723114b7535e
  f/sync/populate/tmdb_languages: 8fc104119b10b495f4bd9cd5d8e4790bdb126547610be0872494839d0e42eda1
  f/sync/populate/tmdb_providers: 039f3463a10813ef6dbf751a4a8549c1067d8be0fd72ef3271914822dfdfe6da
  f/sync/populate/tmdb_timezones: 63f8dfd29755f53db33e1b82dcdfb5f1f3010816767ff8686155fcb4876ff524
  f/tmdb_api/models: 01a655c201b23d772ecd0c4fda948516d0cc145b4c64fd90660deb1fced268d5
  f/tmdb_api/tmdb_fetch_details_from_api.flow:
    __flow_hash: 44136fa355b3678a1146ad16f7e8649e94fb4fc21fe77e8310c060f61caaff8a
  f/tmdb_api/tmdb_fetch_details_from_api/fetch: 7f16308e42116c6f3e19422c81341fca6c4300403636af5a3048b6b8af8eecd2
  f/tmdb_api/tmdb_fetch_details_from_api/next: 95be29069d9e7b7f806474825aa45bf5d3e310186f710f78066333749428d69a
  f/tmdb_api/tmdb_init_details.flow:
    __flow_hash: 44136fa355b3678a1146ad16f7e8649e94fb4fc21fe77e8310c060f61caaff8a
  f/tmdb_api/tmdb_init_details/main: 4e021403c712a98bf6facf91c03e7c42a78460a3ac163611d8d8f465b8f226de
  f/tmdb_daily/models: 1a802221fdf0dd0b780cea59663a72d4de5758a8a7b53948e1d1264cf808b544
  f/tmdb_daily/tmdb_check_daily_dump_availability.flow:
    __flow_hash: 44136fa355b3678a1146ad16f7e8649e94fb4fc21fe77e8310c060f61caaff8a
  f/tmdb_daily/tmdb_check_daily_dump_availability/main: 6a5391dc17bc9cd73217d2d6b90c208075a71961a615a023fd74a7f78f37c299
  f/tmdb_daily/tmdb_extract_daily_dump_data.flow:
    __flow_hash: 44136fa355b3678a1146ad16f7e8649e94fb4fc21fe77e8310c060f61caaff8a
  f/tmdb_daily/tmdb_extract_daily_dump_data/main: a349b1affce7fa1e92c55d5d372880ef6658d0895a34a44b32b158ad6e628c9a
  f/tmdb_web/crawl_all_by_id.flow:
    __flow_hash: 44136fa355b3678a1146ad16f7e8649e94fb4fc21fe77e8310c060f61caaff8a
  f/tmdb_web/models: 248b3a3c1f0896abe98e4320cb7c778f39319f2ea20b99805b83fcbbe48ff598
  f/tmdb_web/tmdb_crawl_providers.flow:
    __flow_hash: 44136fa355b3678a1146ad16f7e8649e94fb4fc21fe77e8310c060f61caaff8a
  f/tmdb_web/tmdb_crawl_providers/fetch: 67110778df172554f46a5858069e89f2f30d55e1936e76645265f9c7afe7d11d
  f/tmdb_web/tmdb_crawl_providers/iterate: 0aeda9fd50de6bb522e60cec1e2553a8a89a1d7fc13ea19b44f75b644ee13e46
  f/tmdb_web/tmdb_crawl_providers/next: 8bb948716c3788e0db97d943e802c48128f028748aa3908c4f43befd94cdcdef
  f/tmdb_web/tmdb_init_providers.flow:
    __flow_hash: 44136fa355b3678a1146ad16f7e8649e94fb4fc21fe77e8310c060f61caaff8a
  f/tmdb_web/tmdb_init_providers/main: 3a458b03e8468cdb7ab77ae58f55afa8514f0c6665c27cc9be188e304bef7bb4
  f/tmdb_web/tmdb_init_providers/update: d73a345f53b1e235467c71b7fa9211b20a0ae10911385c8b395ed28ecf5a3e1c
  f/tvtropes_web/crawl_all_by_id.flow:
    __flow_hash: 44136fa355b3678a1146ad16f7e8649e94fb4fc21fe77e8310c060f61caaff8a
  f/tvtropes_web/models: bcc1391368238d32a32f484ee22d4db54636e7fb3d64c95ecba9dcac2183cde6
  f/tvtropes_web/tv_tropes_crawl_tags/fetch: 9cfb2f720507502bf638d72e3dce0a7b4d13b3f94878470b6e75c8c005ec9acd
  f/tvtropes_web/tv_tropes_crawl_tags/iterate: 0854c8247b7edb9506da00264ed947803b0c6c6f1514063ceffe82688f8021d4
  f/tvtropes_web/tv_tropes_crawl_tags/next: e274a241f0465805045d392ec270a193fcfa52821b87f12027592d3ac9baa1b5
  f/tvtropes_web/tvtropes_crawl_tags.flow:
    __flow_hash: 44136fa355b3678a1146ad16f7e8649e94fb4fc21fe77e8310c060f61caaff8a
  f/tvtropes_web/tvtropes_init_ratings.flow:
    __flow_hash: 44136fa355b3678a1146ad16f7e8649e94fb4fc21fe77e8310c060f61caaff8a
  f/tvtropes_web/tvtropes_init_tags/main: 1ce807940ae5a2d9e3d5fdaf5f4fc59f6071165476a8451d3a8a90f9cb56be6e
  f/tvtropes_web/tvtropes_init_tags/update: b7aa3500eb75409f689fc3deffdc3b075522678db58e562ab4a04ac1ccd4ba0a
  f/user/create_user_indexes: 2116ce5c519f2211961f51e394db1572cdd4d304635efd220d9b2d2b2d4214cb
  f/user/favorites/create_favorites_table: 439ef5cd8446b8d3e986e70657164234f64b958e805601c30252f0ab17b501f6
  f/user/scores/create_user_scores_table: cf8d87736c06ed39b2dc0b2c87d4911ddbf80a3d005fc42b2789c72bbc6098c1
  f/user/settings/create_settings_table: 9d4dd20b2677e9ca59ea5173fce7cfa48d73508b40b72e189260a90e1687c727
  f/user/skipped/create_skipped_table: 4cc30b48d973fd4e11d8bf00b70e6e03b73bfbb337cccfd4af2bb891f9bd00ea
  f/user/watch_history/create_watch_history_table: 6eef4c5751fd8703bbe158e0268db62884c16ae090389d94dd9db09681b1643e
  f/user/wishlist/create_wishlist_table: 6ae750f0216b229dc917fa9afc6c76be54e59c6de5a1392e2ddc14928feb5042
  f/utils/file: 1c1428f36cc9fee5e1218b2a869b781c88f279856c67e1ac62b81bf75d1a9506
  f/utils/string: 8ce100748f59a8f83121b9f07d8ff965239408d582a09dd1b3187b0b113330d9
  f/utils/visit_goodwatch_and_populate_cache: 54eae95d222a93a4a38480edeb166e81f8af2934d9cf2a01339512b99a1e7843
  f/utils/web: 5807c1db39a1b5596ba3c543cd071f729158d6e309cbf2179dd30c43a9c76234
  f/vector/create_vectors_media_table_and_indexes: c637e2aedf24e05eef67c0d99f979af416e22a49420c50a2c60bbb931a4b3de1
  f/vector/create_vectors_query_table_and_indexes: eb0a4f224b5c74f96dced4ebede283c0aae5011e37f1e645e3ba3d02855ce945
  f/vector/save: 3aa5ca198c67f7b254cf22a687e82df129a4f1beb828230422668ff42f15fe06
  f/vector/save_weaviate: d037a268c911497df4e9e7401cbfab13fdb12238c411f4d90e76989639cd51a5
  f/vector/test_crate_centroid: b04ddc4819dd95186552e0a821eb477827151b9155092a978ac38e6535451a88
  f/vector/test_embeddings_transformer: 2c9425f5fe2f83e54b32f3aa9e0613cc5657d087aa1dacd462e5ea1630aa539e
  f/vector/test_vectors: 73e79cee15d884f460844e6fa7f573237e01ec8c4bf975294be652812f15a1dd
  f/vector/test_weaviate_vectors: 8754d0be96dd3f9dfd43fb077cfa8920c1aa2175a308a4586e59017ee59dd2d9
  u/Alp/trusted_script: 21d6f63375f6012b00273abc57a302f1df86730bdf9c2a379015cb7f88490eec
