locks:
  f/combine_data/copy_movies.flow:
    __flow_hash: 8c53614bd931fcccdf2128a517d0992f68c203598cc204cb447c23f3c708662d
    inline_script_0.inline_script.deno.ts: f03dbc7ef82072435b527cdb9d28c556bd5e66ee260b0760913c24971b66cb57
  f/combine_data/copy_movies/create_movies_table: fdd407312ce8690e62d0cc41bc640ea1a2b97aa86b92cfccfedf7a2dad20545c
  f/combine_data/copy_movies/main: 25691db7105e19dde39c13ddd6a45ee2bb691a7ac4a1de5305b21cc846ca0be0
  f/combine_data/copy_streaming_countries/main: 6f5efaad4d2fb023a6d3f510b9e1ca207ce0d6a50ede93852c35072daa6b07fd
  f/combine_data/copy_streaming_provider_links/create_streaming_provider_links_table: c6975d5e60d96eee36f0b9b8634ddbcc9affcc2b273c2300363a0dd426c6d996
  f/combine_data/copy_streaming_provider_links/main: e869e8af2f2171d040f6dffdbd7270be15dbdbe0ad1664b7ebda5885eb964285
  f/combine_data/copy_streaming_provider_links/update: c5a3d4596b51bd95216555a4b92c91505acacb45c18dc7d68ab02f162fa5486d
  f/combine_data/copy_streaming_provider_ranking/main: 779d848fa9e0f43aee63b35b84ed02a28e0b1cf5770b7cb2a8d20d8271a7b21b
  f/combine_data/copy_streaming_providers/main: 953ffa8c5347f76bc1d3468b14d55e5eba56b6e96ba39a3ae992bfc172b4c284
  f/combine_data/copy_streaming_providers/populate_from_tmdb_api: 2482a556320d93639911ef587e6ebd4fe3f894958792883564d458a00758b72d
  f/combine_data/copy_streaming_providers/postgresql/create_streaming_provider_tables: 024435af84bc1d11b060744da1e1d95f4d6c7ba7862f9e533ba9a81855d93e01
  f/combine_data/copy_tv.flow:
    __flow_hash: 1d3a8f2e28d9c8292cc67bbcd71b2eb9eab1073ec5c3a1fac31be693f40178ae
    inline_script_0.inline_script.deno.ts: 0ed29ee42d4c2f29581efcb73f57ffeea7762c71709e6327322cfb3adefa3fff
  f/combine_data/copy_tv/create_tv_table: b3b4c8deb322d38d08b87416d9ad42190b5b1736ad62bd79d9bb79607ba3d4c3
  f/combine_data/copy_tv/main: 50f783534770d823800b827425f0da8d15a19ee49f618b68d89c11e86aae76af
  f/data_source/common: 442d137713e1bfd91db22e185a42c6f05ed356420d7cb5cb7d5e1f4a4464237e
  f/genome/generate/fetch: 268fdf30857ceaaa2d817e5e4a17bb486ba9213fe8167f9135a59e44fe151c37
  f/genome/generate/fetch_from_chat: dce97009a8757f62a5a81dc0355714503c1c6861149fcb2a003f16d4fd477c2d
  f/genome/generate/iterate: 1dd0d8df0f33b8b37c02c8505d5f7b2d856d95c3181c56ff52fe2469e3413dcd
  f/genome/generate/next: 03775703690b96cf303b359189721dc1a9b918f7ee5184056805f1a87cefde02
  f/genome/groq_test: 85123fba755a16b37d5fa0da459950b7e182cfc8a630a5cb99e68ddf7cf501f7
  f/genome/hug_api: 0f9921ae3c5ce24b58d8183a6456ef965edc2684c60cf12faf50c9004c9cffec
  f/genome/hugchat: c39439e2b2f80ff49281ad4830c5458605238a7858e21beeecbb185eaed6a018
  f/genome/init/main: 4b5ace097e63b9338dc669be01086f7105bcf7083ea94c9db84a2eac9f2f5188
  f/genome/init/update: 137209b3b88d7f6945895e5aff926a887ea57f5d7244c54550ce11c1266139bb
  f/genome/iterate: 43415039746e51ac0784840fd73060d341f001b43ae1704e30932e663818d6db
  f/genome/models: d3809c7c3f9a3273e16e4cbc1fddce9c2ea7a12977e03657da03eebc0ed91186
  f/genome/openai: 56bff0b76f5ebc588d0607b52ad1282a4c2e58e4a38057495724600b54c4e0a5
  f/priority/next: 7424cdbc20eea4a638208280c39182c40c5f4d3a0f770ce83ad94b82f51257cd
  f/rotten_web/rotten_tomatoes_crawl_ratings/fetch: 5109f5bd2c6713ca53cae41e3ceb20786cd0f84936ed5d1a3bedba776498063f
  f/tmdb_api/models: eb7b33e4171813349524ccf302e8932d66b988ab7fe5992929463ac07cc4136c
  f/tmdb_api/tmdb_fetch_details_from_api/fetch: 7f16308e42116c6f3e19422c81341fca6c4300403636af5a3048b6b8af8eecd2
  f/tmdb_web/models: 248b3a3c1f0896abe98e4320cb7c778f39319f2ea20b99805b83fcbbe48ff598
  f/tmdb_web/tmdb_init_providers/main: 9462d2fe953ba84ca61a504bef6752456cd1b2ef08c440c0fb9cd5c81fa99797
  f/tvtropes_web/tv_tropes_crawl_tags/fetch: 9cfb2f720507502bf638d72e3dce0a7b4d13b3f94878470b6e75c8c005ec9acd
  f/user/create_user_indexes: 2116ce5c519f2211961f51e394db1572cdd4d304635efd220d9b2d2b2d4214cb
  f/user/settings/create_settings_table: a153d26f051a334bb0d4928503a85df8a802cba66caf2d3f4fb070b12d710115
  f/user/skipped/create_skipped_table: 9ced2de109dc82ea10961478a16d332010583eeb8f53d0c679323ed2cd348aab
  f/utils/visit_goodwatch_and_populate_cache: a8b117043113315fdcf131c370339606e24121facba659bf7aafc0140a0a3586
  f/vector/create_vectors_media_table_and_indexes: e121b6120f0d50eedfaf89ac63efc650c821b62446f94c8cb71e26a875b0cac1
  f/vector/create_vectors_query_table_and_indexes: 8b5779e3497600cc85efe340475f39541910bc1fc71af6a271439ac5165788bd
  f/vector/save: dbaf70a83078ae65f5144091efd5e11a6cb0faf6fcea17df244b779799782eba
  f/vector/save_weaviate: d037a268c911497df4e9e7401cbfab13fdb12238c411f4d90e76989639cd51a5
  f/vector/test_embeddings_transformer: 2c9425f5fe2f83e54b32f3aa9e0613cc5657d087aa1dacd462e5ea1630aa539e
  f/vector/test_vectors: 73e79cee15d884f460844e6fa7f573237e01ec8c4bf975294be652812f15a1dd
  f/vector/test_weaviate_vectors: 8754d0be96dd3f9dfd43fb077cfa8920c1aa2175a308a4586e59017ee59dd2d9
  u/Alp/trusted_script: 21d6f63375f6012b00273abc57a302f1df86730bdf9c2a379015cb7f88490eec
