# py: 3.11
annotated-types==0.7.0
anyio==4.12.0
certifi==2025.11.12
dnspython==2.8.0
grpcio==1.76.0
h11==0.16.0
h2==4.3.0
hpack==4.1.0
httpcore==1.0.9
httpx==0.28.1
hyperframe==6.1.0
idna==3.11
mongoengine==0.29.1
numpy==2.3.5
portalocker==3.2.0
protobuf==6.33.1
pydantic==2.12.5
pydantic-core==2.41.5
pymongo==4.15.5
qdrant-client==1.16.1
typing-extensions==4.15.0
typing-inspection==0.4.2
urllib3==2.5.0
wmill==1.589.1