# py: 3.11
annotated-types==0.7.0
anyio==4.12.0
certifi==2025.11.12
charset-normalizer==3.4.4
dnspython==2.8.0
h11==0.16.0
httpcore==1.0.9
httpx==0.28.1
hugchat==0.5.1
idna==3.11
mongoengine==0.29.1
pydantic==2.12.5
pydantic-core==2.41.5
pymongo==4.15.5
requests==2.32.5
requests-toolbelt==1.0.0
typing-extensions==4.15.0
typing-inspection==0.4.2
urllib3==2.5.0
wmill==1.589.1