annotated-types==0.6.0
anyio==4.3.0
certifi==2024.2.2
dnspython==2.6.1
greenlet==3.0.1
h11==0.14.0
httpcore==0.17.3
httpx==0.24.1
idna==3.7
mongoengine==0.28.2
playwright==1.40.0
pydantic==2.7.1
pydantic-core==2.18.2
pyee==11.0.1
pymongo==4.7.2
sniffio==1.3.1
typing-extensions==4.11.0
wmill==1.323.6