{
  "dependencies": {
    "pg": "latest"
  }
}
//bun.lockb
IyEvdXNyL2Jpbi9lbnYgYnVuCmJ1bi1sb2NrZmlsZS1mb3JtYXQtdjAKAgAAAK2jEdmrKNhLMuW+oDRYVlKlBkrvNt1MGToViX0CrO4wjhYAAAAAAAAPAAAAAAAAAAgAAAAAAAAACAAAAAAAAACAAAAAAAAAAFMPAAAAAAAAAAAAAAAAAAAAAHBnAAAAAAAATAAAAA0AAIA4AAAAFAAAgC0AAAALAACAcGctdHlwZXOTAQAAEQAAgHh0ZW5kAAAAhgEAAA0AAIB4AQAADgAAgGoBAAAOAACAcGctaW50OABwZy1wb29sAHBncGFzcwAAc3BsaXQyAAAAAAAAAAAAAOVD4r5VhxISqrb8T68+K/1jmqzoQG9k4I817xbyc/KMJp2wqafqKmpyQsuAAHNeezTYj97200Yl5U7uqdKe4QBJ0BwJXHvWfsSI1M5a9NAZBkc/bWbOYK0bLIiFCECOlOMvizAUPzP+xDYuAvWLp6wBAAAAAAAAAAAAAAAAAAAAAAAAAAAAAAAAAAAAAAAAAAAAAAAAAAAAAAAAAAAAAAAAAAAAAAAAAAAAAAAAAAAAAgAAAAAAAAAAAAAALQAAgAgAAAAMAAAAAAAAAAAAAAAAAAAAAAAAAAAAAAAAAAAAAAAAAAAAAAAAAAAAAAAAAAIAAAAAAAAAYgAAAEIAAIABAAAAAQAAAAEAAAAAAAAAAAAAAAAAAAAAAAAAAAAAAAAAAAAAAAAAAAAAAAAAAAACAAAAAAAAAKQAAABQAACAAgAAAAYAAAAEAAAAAAAAAAAAAAAAAAAAAAAAAAAAAAAAAAAAAAAAAAAAAAAAAAAAAgAAAAAAAAD0AAAAPgAAgAEAAAAGAAAAAQAAAAAAAAAAAAAAAAAAAAAAAAAAAAAAAAAAAAAAAAAAAAAAAAAAAAIAAAAAAAAAMgEAADgAAIACAAAAAgAAAAAAAAAAAAAAAAAAAAAAAAAAAAAAAAAAAAAAAAAAAAAAAAAAAAAAAAACAAAAAAAAAKQBAABKAACAAQAAAAIAAAAAAAAAAAAAAAAAAAAAAAAAAAAAAAAAAAAAAAAAAAAAAAAAAAAAAAAAAgAAAAAAAADuAQAAMgAAgAQAAAAAAAAAAgAAAAAAAAAAAAAAAAAAAAAAAAAAAAAAAAAAAAAAAAAAAAAAAAAAAAIAAAAAAAAAIAIAAEIAAIABAAAAAAAAAAcAAAAAAAAAAAAAAAAAAAAAAAAAAAAAAAAAAAAAAAAAAAAAAAAAAAACAAAAAAAAAGICAABEAACAAQAAAAAAAAAAAAAAAAAAAAAAAAAAAAAAAAAAAAAAAAAAAAAAAAAAAAAAAAAAAAAAAgAAAAAAAACmAgAARAAAgAIAAAAAAAAAAAAAAAAAAAAAAAAAAAAAAAAAAAAAAAAAAAAAAAAAAAAAAAAAAAAAAAIAAAAAAAAA6gIAADYAAIABAAAAAAAAAAEAAAAAAAAAAAAAAAAAAAAAAAAAAAAAAAAAAAAAAAAAAAAAAAAAAAACAAAAAAAAACADAAA2AACAAwAAAAYAAAACAAAAAAAAAAAAAAAAAAAAAAAAAAAAAAAAAAAAAAAAAAAAAAAAAAAAAgAAAAAAAABWAwAANAAAgAEAAAAAAAAABQAAAAAAAAAAAAAAAAAAAAAAAAAAAAAAAAAAAAAAAAAAAAAAAAAAAAIAAAAAAAAAigMAADQAAIAEAAAAAgAAAAAAAAAAAAAAAAAAAAAAAAAAAAAAAAAAAAAAAAAAAAAAAAAAAAAAAAAAAAAAAQAAAAEAAAAHAAAACAAAAAAAAAAIAAAAAAAAAAgAAAAAAAAACAAAAAUAAAANAAAAAQAAAA4AAAAAAAAADgAAAAAAAAAOAAAAAAAAAA4AAAAAAAAADgAAAAAAAAAOAAAAAQAAAA8AAAABAAAAEAAAAAAAAAAAAAAAAQAAAAEAAAAHAAAACAAAAAAAAAAIAAAAAAAAAAgAAAAAAAAACAAAAAUAAAANAAAAAQAAAA4AAAAAAAAADgAAAAAAAAAOAAAAAAAAAA4AAAAAAAAADgAAAAAAAAAOAAAAAQAAAA8AAAABAAAAEAAAAAAAAAAAAP4P/gEAAAAAAAAAAAAAAAAAAAAAAAAAAAAAAAAAAAAAAAAAAAAAAAAAAAAAAAAAAAAAAAAAAAAAAAAAAAAAAAAAAAAAAAAAAAAAAAAAAAAAAAAAAQAAAQD+D/4BAAABAAAAAAAAAAAAAAAEA+LHUSnwnxrnL/tZ+OLfqR1SxLN3c/pgDztZ47Rpbsd4jUytsTtwQo/TLPRzPJMp/1pbhYVhH9cuSZLAajNfjQEAAAEA/g/+AQAAAgAAAAAAAAAAAAAABMVj2oD/+AegYBTvhCs9yTjV792A4L5G1axsNpk6Nw+rVQ0EYdXu3KlRr8kdwRPnkIAL8dV4Vv4hAEo+P4wlpd0BAAABAP4P/gEAAAMAAAAAAAAAAAAAAAS/5ntb/QQ7vTto0xoAR+IacYv2zHG6bAuXZ8m8JC0yf0XGyD6U+k+R1zIFK/8oWCkZ1iQx+f4QjU6vYQeOmAsIAQAAAQD+D/4BAAAEAAAAAAAAAAAAAAAEjPIlvgoD63hrEuihvIg+tJhoGjUsLPn6poJY9N5CnlPd91c2T18T/9zBtLxZSb1EhYxBRoZJtzScCaWlYLtktgEAAAEA/g/+AQAABQAAAAAAAAAAAAAABKkwAJaxLJfLODohEGOvcA73DCHUDesHc+aI0IjsumETLsp8XpzjdDuaAqSSOpbIXOrHIAGPKrydjp/6fgl2NBgBAAABAP4P/gEAAAYAAAAAAAAAAAAAAAT1mFcoz+vDfnQ3Wi+5YdsbGcaH9I0nhyfEeIzSvEThU3jXCyDw/zNaf2G/9u4rTRE/ha+U7Kv9EEOKm3LFVuRlAQAAAQD+D/4BAAAHAAAAAAAAAAAAAAAELKYU1iAXJXUgAXn9URjiu+MWhyUXHsvfp7mcuYm9dSUKK0/CjtrUwFAxD82/mCWbtLsGjFIad0wIsod4zrTAEQEAAAEA/g/+AQAACAAAAAAAAAAAAAAABLLg5oy1UIO/JzCtlGeOeIQBvjgFvh0D2ep/vkzQ1F/i9PrlJS8sJ6MSSg6LudWZvs0wo6wpdDauifQuYT/byv0BAAABAP4P/gEAAAkAAAAAAAAAAAAAAATHLemYu5CpEFkFcNQvLsptqK1iotybGKDDXhDmyPxAFUuoTBd97JsgpVaKoBdOVy929vT7GQ60Nt9Aw5/iVJPXAQAAAQD+D/4BAAAKAAAAAAAAAAAAAAAEVpZrUqU5A69eQyW2c5CA1jtLecCsN2U/bD6VilrFDWq5+5UIEVO7nazS3TEcHf1zuPYO/sqGvUvW62g86RXZuAEAAAEA/g/+AQAACwAAAAAAAAAAAAAABFgrWm0urd3PEpKQwVJW9ZIzrO5eusbBnSqSD2bIOMEfgd/rvVALptqHUrBfbZ78YPNIeGcS1jMuKUYzrBSKkKcBAAABAP4P/gEAAAwAAAAAAAAAAAAAAAQe2NuDwGXBepIFD1XxWO1z6/N//p9VS5qT/f9dcoD2jFmmvBbcgwNBMYc/4oOZUvuu135HVCNucIU+5MebcbiGAQAAAQD+D/4BAAANAAAAAAAAAAAAAAAEFdW9r/jQZhSeohs1Z3sI1yxFQNFvMcnmfuj4WBMUTxOrAyLMaTcE1aAMBiTlbMNaXvBCQuVi0R7hd8udDSP7ugEAAAEA/g/+AQAADgAAAAAAAAAAAAAABFHI3CTlpJ6zZBejy1/N6nBzOih4FSjZFetmPGubmA1b/cnRkFcABzCqh3SY3tVU1qZYxtFmKQg4awnQDmB+E1oBAAAAAAAAAAAAAAAAAAAAAAAAAAAAAAAAAAAAAAAAAAAAAAAAAAAAAAAAAAAAAAAAAAAAAAAAAAAAAAAAAAAAAAAAAAAAAAAAAAAAAAAAAAAAAAAAAAAAAAAAAAAAAAAAAAAAAAAAAAAAAAAAAAAAAAAAAAAAAAAAAAAAAAAAAAAAAAAAAAAAAAAAAAAAAAAAAAAAAAAAAAAAAAAAAAAAAAAAAAAAAAAAAAAAAAAAAAAAAAAAAAAAAAAAAAAAAAAAAAAAAAAAAAAAAAAAAAAAAAAAAAAAAAAAAAAAAAAAAAAAAAAAAAAAAAAAAAAAAAAAAAAAAAAAAAAAAAAAAAAAAAAAAAAAAAAAAAAAAAAAAAAAAAAAAAAAAAAAAAAAAAAAAAAAAAAAAAAAAAAAAAAAAAAAAAAAAAAAAAAAAAAAAAAAAAAAAAAAAAAAAAAAAAAAAAAAAAAAAAAAAAAAAAABAAAAAAAAAAAAAAAAAAAAAAAAAAAAAAAAAAAAAAAAAAAAAAAAAAAAAAAAAAAAAAAAAAAAAAAAAAAAAAAAAAAAAAAAAAAAAAAAAAAAAAAAAAAAAAAAAAAAAAAAAAAAAAAAAAAAAAAAAAAAAAAAAAAAAAAAAAAAAAAAAAAAAAAAAAAAAAAAAAAAAAAAAAAAAAAAAAAAAAAAAAAAAAAAAAAAAAAAAAAAAAAAAAAAAAAAAAAAAAAAAAAAAAAAAAAAAAAAAAAAAAAAAAAAAAAAAAAAAAAAAAAAAAAAAAAAAAAAAAAAAAAAAAAAAAAAAAAAAAAAAAAAAAAAAAAAAAAAAAAAAAAAAAAAAAAAAAAAAAAAAAAAAAAAAAAAAAAAAAAAAAAAAAAAAAAAAAAAAAAAAAAAAAAAAAAAAAAAAAAAAAAAAAAAAAAAAAAAAAAAAAAAAAAAAAAAAAAAAAAAAAAAAAAAAAAAAAAAAAAAAAAAAAAAAAAAAAAAAAAAAAAAAAAAAAAAAAAAAAAAAAAAAAAAAAAAAAAAAAAAAAAAAAAAAAAAAAAAAAAAAAAAAAAAAAAAAAAAAAAAAAAAAAAAAAAAAAAAAAAAAAAAAAAAAAAAAAAAAAAAAAAAAAAAAAAAAAAAAAAAAAAAAAAAAAAAAAAAAAAAAAAAAAAAAAAAAAAAAAAAAAAAAAAAAAAAAAAAAAAAAAAAAAAAAAAAAAAAAAAAAAAAAAAAAAAAAAAAAAAAAAAAAAAAAAAAAAAAAAAAAAAAAAAAAAAAAAAAAAAAAAAAAAAAAAAAAAAAAAAAAAAAAAAAAAAAAAAAAAAAAAAAAAAAAAAAAAAAAAAAAAAAAAAAAAAAAAAAAAAAAAAAAAAAAAAAAAAAAAAAAAAAAAAAAAAAAAAAAAAAAAAAAAAAAAAAAACYDwAAAAAAAKwPAAAAAAAACjxzcmMuaW5zdGFsbC5sb2NrZmlsZS5UcmVlPiAyMCBzaXplb2YsIDQgYWxpZ25vZgoAAAAAAAAA/v////////8AAAAADgAAANgPAAAAAAAAEBAAAAAAAAAKPHUzMj4gNCBzaXplb2YsIDQgYWxpZ25vZgoAAAAAAAEAAAACAAAAAwAAAAQAAAAFAAAABgAAAA8AAAAIAAAACQAAAAoAAAALAAAADAAAAA0AAABAEAAAAAAAAIAQAAAAAAAACjx1MzI+IDQgc2l6ZW9mLCA0IGFsaWdub2YKAAAAAAABAAAADQAAAAwAAAAFAAAABAAAAAMAAAACAAAA/////wsAAAAKAAAACQAAAAgAAAAGAAAABwAAAAEAAAAOAAAAsBAAAAAAAABQEgAAAAAAAAo8WzI2XXU4PiAyNiBzaXplb2YsIDEgYWxpZ25vZgoAcGcAAAAAAADlQ+K+VYcSEgICbGF0ZXN0AABwZ3Bhc3MAAOMvizAUPzP+AgExLngAAAAAAHBnLXBvb2wAGyyIhQhAjpQCAV4zLjYuMgAAcGctdHlwZXMmnbCpp+oqagIBXjIuMS4wAAAtAAAACwAAgI817xbyc/KMAgFeMS42LjEAADgAAAAUAACAY5qs6EBvZOACAV4yLjYuNAAATAAAAA0AAICqtvxPrz4r/QQBXjEuMS4xAABZAAAACQAAgIPVuuoWXyTKFAE+PTMuMC4xAHBnLWludDgABkc/bWbOYK0CATEuMC4xAAAAagEAAA4AAIDEiNTOWvTQGQIBfjIuMC4wAAB4AQAADgAAgEnQHAlce9Z+AgF+MS4wLjAAAIYBAAANAACA5U7uqdKe4QACAX4xLjAuNAAAkwEAABEAAIByQsuAAHNeewIBXjEuMS4wAAB4dGVuZAAAADTYj97200YlAgFeNC4wLjAAAHBnAAAAAAAA5UPivlWHEhIQAT49OC4wAAAAc3BsaXQyAADENi4C9YunrAIBXjQuMS4wAACaEgAAAAAAAJoSAAAAAAAACjxzcmMuaW5zdGFsbC5zZW12ZXIuRXh0ZXJuYWxTdHJpbmc+IDE2IHNpemVvZiwgOCBhbGlnbm9mCsgSAAAAAAAAhhYAAAAAAAAKPHU4PiAxIHNpemVvZiwgMSBhbGlnbm9mCgAAAABodHRwczovL3JlZ2lzdHJ5Lm5wbWpzLm9yZy9wZy8tL3BnLTguMTIuMC50Z3pwZy1wcm90b2NvbHBnLWNvbm5lY3Rpb24tc3RyaW5ncGctY2xvdWRmbGFyZXBnLW5hdGl2ZWh0dHBzOi8vcmVnaXN0cnkubnBtanMub3JnL3BnLWNsb3VkZmxhcmUvLS9wZy1jbG91ZGZsYXJlLTEuMS4xLnRnemh0dHBzOi8vcmVnaXN0cnkubnBtanMub3JnL3BnLWNvbm5lY3Rpb24tc3RyaW5nLy0vcGctY29ubmVjdGlvbi1zdHJpbmctMi42LjQudGd6aHR0cHM6Ly9yZWdpc3RyeS5ucG1qcy5vcmcvcGctcHJvdG9jb2wvLS9wZy1wcm90b2NvbC0xLjYuMS50Z3podHRwczovL3JlZ2lzdHJ5Lm5wbWpzLm9yZy9wZy10eXBlcy8tL3BnLXR5cGVzLTIuMi4wLnRnenBvc3RncmVzLWFycmF5cG9zdGdyZXMtYnl0ZWFwb3N0Z3Jlcy1kYXRlcG9zdGdyZXMtaW50ZXJ2YWxodHRwczovL3JlZ2lzdHJ5Lm5wbWpzLm9yZy9wb3N0Z3Jlcy1pbnRlcnZhbC8tL3Bvc3RncmVzLWludGVydmFsLTEuMi4wLnRnemh0dHBzOi8vcmVnaXN0cnkubnBtanMub3JnL3h0ZW5kLy0veHRlbmQtNC4wLjIudGd6aHR0cHM6Ly9yZWdpc3RyeS5ucG1qcy5vcmcvcG9zdGdyZXMtZGF0ZS8tL3Bvc3RncmVzLWRhdGUtMS4wLjcudGd6aHR0cHM6Ly9yZWdpc3RyeS5ucG1qcy5vcmcvcG9zdGdyZXMtYnl0ZWEvLS9wb3N0Z3Jlcy1ieXRlYS0xLjAuMC50Z3podHRwczovL3JlZ2lzdHJ5Lm5wbWpzLm9yZy9wb3N0Z3Jlcy1hcnJheS8tL3Bvc3RncmVzLWFycmF5LTIuMC4wLnRnemh0dHBzOi8vcmVnaXN0cnkubnBtanMub3JnL3BnLWludDgvLS9wZy1pbnQ4LTEuMC4xLnRnemh0dHBzOi8vcmVnaXN0cnkubnBtanMub3JnL3BnLXBvb2wvLS9wZy1wb29sLTMuNi4yLnRnemh0dHBzOi8vcmVnaXN0cnkubnBtanMub3JnL3BncGFzcy8tL3BncGFzcy0xLjAuNS50Z3podHRwczovL3JlZ2lzdHJ5Lm5wbWpzLm9yZy9zcGxpdDIvLS9zcGxpdDItNC4yLjAudGd6AAAAAAAAAAAAAAAAAAAAAAAAAAAAAAAAAAAAAAAAAAAAAAAAAAAAAAAAAAAAAAAAAAAAAAAAAAAAAAAAAAAAAAAAAAAAAAAAAAAAAAAAAAAAAAAAAAAAAAAAAAAAAAAAAAAAAAAAAAAAAAAAAAAAAAAAAAAAAAAAAAAAAAAAAAAAAAAAAAAAAAAAAAAAAAAAAAAAAAAAAAA=