{
  "dependencies": {
    "pg": "latest"
  }
}
//bun.lockb
IyEvdXNyL2Jpbi9lbnYgYnVuCmJ1bi1sb2NrZmlsZS1mb3JtYXQtdjAKAgAAAFsOoiL5/zPDyOy+iGVq13hNtf1lgqH0MVl0GL+E4sxqjhYAAAAAAAAPAAAAAAAAAAgAAAAAAAAACAAAAAAAAACAAAAAAAAAAFMPAAAAAAAAAAAAAAAAAAAAAHBnAAAAAAAATAAAAA0AAIBwZ3Bhc3MAAHNwbGl0MgAAcGctdHlwZXNtAQAAEQAAgHh0ZW5kAAAAYAEAAA0AAIBSAQAADgAAgEQBAAAOAACAcGctaW50OABBAAAACwAAgHBnLXBvb2wALQAAABQAAIAAAAAAAAAAAOVD4r5VhxISqrb8T68+K/3jL4swFD8z/sQ2LgL1i6esJp2wqafqKmpyQsuAAHNeezTYj97200Yl5U7uqdKe4QBJ0BwJXHvWfsSI1M5a9NAZBkc/bWbOYK2PNe8W8nPyjBssiIUIQI6UY5qs6EBvZOABAAAAAAAAAAAAAAAAAAAAAAAAAAAAAAAAAAAAAAAAAAAAAAAAAAAAAAAAAAAAAAAAAAAAAAAAAAAAAAAAAAAAAgAAAAAAAAAAAAAALQAAgAgAAAALAAAABQAAAAAAAAAAAAAAAAAAAAAAAAAAAAAAAAAAAAAAAAAAAAAAAAAAAAIAAAAAAAAAYgAAAEIAAIABAAAAAQAAAAEAAAAAAAAAAAAAAAAAAAAAAAAAAAAAAAAAAAAAAAAAAAAAAAAAAAACAAAAAAAAAKQAAAA0AACAAQAAAAAAAAAFAAAAAAAAAAAAAAAAAAAAAAAAAAAAAAAAAAAAAAAAAAAAAAAAAAAAAgAAAAAAAADYAAAANAAAgAQAAAACAAAAAAAAAAAAAAAAAAAAAAAAAAAAAAAAAAAAAAAAAAAAAAAAAAAAAAAAAAIAAAAAAAAADAEAADgAAIACAAAAAgAAAAAAAAAAAAAAAAAAAAAAAAAAAAAAAAAAAAAAAAAAAAAAAAAAAAAAAAACAAAAAAAAAH4BAABKAACAAQAAAAIAAAAAAAAAAAAAAAAAAAAAAAAAAAAAAAAAAAAAAAAAAAAAAAAAAAAAAAAAAgAAAAAAAADIAQAAMgAAgAQAAAAAAAAAAgAAAAAAAAAAAAAAAAAAAAAAAAAAAAAAAAAAAAAAAAAAAAAAAAAAAAIAAAAAAAAA+gEAAEIAAIABAAAAAAAAAAcAAAAAAAAAAAAAAAAAAAAAAAAAAAAAAAAAAAAAAAAAAAAAAAAAAAACAAAAAAAAADwCAABEAACAAQAAAAAAAAAAAAAAAAAAAAAAAAAAAAAAAAAAAAAAAAAAAAAAAAAAAAAAAAAAAAAAAgAAAAAAAACAAgAARAAAgAIAAAAAAAAAAAAAAAAAAAAAAAAAAAAAAAAAAAAAAAAAAAAAAAAAAAAAAAAAAAAAAAIAAAAAAAAAxAIAADYAAIABAAAAAAAAAAEAAAAAAAAAAAAAAAAAAAAAAAAAAAAAAAAAAAAAAAAAAAAAAAAAAAACAAAAAAAAAPoCAAA+AACAAQAAAAYAAAABAAAAAAAAAAAAAAAAAAAAAAAAAAAAAAAAAAAAAAAAAAAAAAAAAAAAAgAAAAAAAAA4AwAANgAAgAMAAAAGAAAAAgAAAAAAAAAAAAAAAAAAAAAAAAAAAAAAAAAAAAAAAAAAAAAAAAAAAAIAAAAAAAAAbgMAAFAAAIACAAAABgAAAAQAAAAAAAAAAAAAAAAAAAAAAAAAAAAAAAAAAAAAAAAAAAAAAAAAAAAAAAAAAQAAAAEAAAAHAAAACAAAAAAAAAAIAAAAAQAAAAkAAAAAAAAACQAAAAUAAAAOAAAAAQAAAA8AAAAAAAAADwAAAAAAAAAPAAAAAAAAAA8AAAAAAAAADwAAAAAAAAAPAAAAAAAAAA8AAAABAAAAEAAAAAAAAAAAAAAAAQAAAAEAAAAHAAAACAAAAAAAAAAIAAAAAQAAAAkAAAAAAAAACQAAAAUAAAAOAAAAAQAAAA8AAAAAAAAADwAAAAAAAAAPAAAAAAAAAA8AAAAAAAAADwAAAAAAAAAPAAAAAAAAAA8AAAABAAAAEAAAAAAAAAAAAP4P/gEAAAAAAAAAAAAAAAAAAAAAAAAAAAAAAAAAAAAAAAAAAAAAAAAAAAAAAAAAAAAAAAAAAAAAAAAAAAAAAAAAAAAAAAAAAAAAAAAAAAAAAAAAAQAAAQD+D/4BAAABAAAAAAAAAAAAAAAEjqgNHSKL5cbDjFlHyYsCXmQDrfIX/3RsNwYqpd4N0Kt8niLuNoRNH+aazv6cOd43gPh9Y4DjQCtb+X0MH0HvnwEAAAEA/g/+AQAAAgAAAAAAAAAAAAAABMVj2oD/+AegYBTvhCs9yTjV792A4L5G1axsNpk6Nw+rVQ0EYdXu3KlRr8kdwRPnkIAL8dV4Vv4hAEo+P4wlpd0BAAABAP4P/gEAAAMAAAAAAAAAAAAAAAQV1b2v+NBmFJ6iGzVnewjXLEVA0W8xyeZ+6PhYExRPE6sDIsxpNwTVoAwGJOVsw1pe8EJC5WLRHuF3y50NI/u6AQAAAQD+D/4BAAAEAAAAAAAAAAAAAAAEUcjcJOWknrNkF6PLX83qcHM6KHgVKNkV62Y8a5uYDVv9ydGQVwAHMKqHdJje1VTWpljG0WYpCDhrCdAOYH4TWgEAAAEA/g/+AQAABQAAAAAAAAAAAAAABKkwAJaxLJfLODohEGOvcA73DCHUDesHc+aI0IjsumETLsp8XpzjdDuaAqSSOpbIXOrHIAGPKrydjp/6fgl2NBgBAAABAP4P/gEAAAYAAAAAAAAAAAAAAAT1mFcoz+vDfnQ3Wi+5YdsbGcaH9I0nhyfEeIzSvEThU3jXCyDw/zNaf2G/9u4rTRE/ha+U7Kv9EEOKm3LFVuRlAQAAAQD+D/4BAAAHAAAAAAAAAAAAAAAELKYU1iAXJXUgAXn9URjiu+MWhyUXHsvfp7mcuYm9dSUKK0/CjtrUwFAxD82/mCWbtLsGjFIad0wIsod4zrTAEQEAAAEA/g/+AQAACAAAAAAAAAAAAAAABLLg5oy1UIO/JzCtlGeOeIQBvjgFvh0D2ep/vkzQ1F/i9PrlJS8sJ6MSSg6LudWZvs0wo6wpdDauifQuYT/byv0BAAABAP4P/gEAAAkAAAAAAAAAAAAAAATHLemYu5CpEFkFcNQvLsptqK1iotybGKDDXhDmyPxAFUuoTBd97JsgpVaKoBdOVy929vT7GQ60Nt9Aw5/iVJPXAQAAAQD+D/4BAAAKAAAAAAAAAAAAAAAEVpZrUqU5A69eQyW2c5CA1jtLecCsN2U/bD6VilrFDWq5+5UIEVO7nazS3TEcHf1zuPYO/sqGvUvW62g86RXZuAEAAAEA/g/+AQAACwAAAAAAAAAAAAAABFgrWm0urd3PEpKQwVJW9ZIzrO5eusbBnSqSD2bIOMEfgd/rvVALptqHUrBfbZ78YPNIeGcS1jMuKUYzrBSKkKcBAAABAP4P/gEAAAwAAAAAAAAAAAAAAASM8iW+CgPreGsS6KG8iD60mGgaNSws+fqmglj03kKeU933VzZPXxP/3MG0vFlJvUSFjEFGhkm3NJwJpaVgu2S2AQAAAQD+D/4BAAANAAAAAAAAAAAAAAAEHtjbg8BlwXqSBQ9V8Vjtc+vzf/6fVUuak/3/XXKA9oxZprwW3IMDQTGHP+KDmVL7rtd+R1QjbnCFPuTHm3G4hgEAAAEA/g/+AQAADgAAAAAAAAAAAAAABL/me1v9BDu9O2jTGgBH4hpxi/bMcbpsC5dnybwkLTJ/RcbIPpT6T5HXMgUr/yhYKRnWJDH5/hCNTq9hB46YCwgBAAAAAAAAAAAAAAAAAAAAAAAAAAAAAAAAAAAAAAAAAAAAAAAAAAAAAAAAAAAAAAAAAAAAAAAAAAAAAAAAAAAAAAAAAAAAAAAAAAAAAAAAAAAAAAAAAAAAAAAAAAAAAAAAAAAAAAAAAAAAAAAAAAAAAAAAAAAAAAAAAAAAAAAAAAAAAAAAAAAAAAAAAAAAAAAAAAAAAAAAAAAAAAAAAAAAAAAAAAAAAAAAAAAAAAAAAAAAAAAAAAAAAAAAAAAAAAAAAAAAAAAAAAAAAAAAAAAAAAAAAAAAAAAAAAAAAAAAAAAAAAAAAAAAAAAAAAAAAAAAAAAAAAAAAAAAAAAAAAAAAAAAAAAAAAAAAAAAAAAAAAAAAAAAAAAAAAAAAAAAAAAAAAAAAAAAAAAAAAAAAAAAAAAAAAAAAAAAAAAAAAAAAAAAAAAAAAAAAAAAAAAAAAAAAAAAAAAAAAAAAAAAAAABAAAAAAAAAAAAAAAAAAAAAAAAAAAAAAAAAAAAAAAAAAAAAAAAAAAAAAAAAAAAAAAAAAAAAAAAAAAAAAAAAAAAAAAAAAAAAAAAAAAAAAAAAAAAAAAAAAAAAAAAAAAAAAAAAAAAAAAAAAAAAAAAAAAAAAAAAAAAAAAAAAAAAAAAAAAAAAAAAAAAAAAAAAAAAAAAAAAAAAAAAAAAAAAAAAAAAAAAAAAAAAAAAAAAAAAAAAAAAAAAAAAAAAAAAAAAAAAAAAAAAAAAAAAAAAAAAAAAAAAAAAAAAAAAAAAAAAAAAAAAAAAAAAAAAAAAAAAAAAAAAAAAAAAAAAAAAAAAAAAAAAAAAAAAAAAAAAAAAAAAAAAAAAAAAAAAAAAAAAAAAAAAAAAAAAAAAAAAAAAAAAAAAAAAAAAAAAAAAAAAAAAAAAAAAAAAAAAAAAAAAAAAAAAAAAAAAAAAAAAAAAAAAAAAAAAAAAAAAAAAAAAAAAAAAAAAAAAAAAAAAAAAAAAAAAAAAAAAAAAAAAAAAAAAAAAAAAAAAAAAAAAAAAAAAAAAAAAAAAAAAAAAAAAAAAAAAAAAAAAAAAAAAAAAAAAAAAAAAAAAAAAAAAAAAAAAAAAAAAAAAAAAAAAAAAAAAAAAAAAAAAAAAAAAAAAAAAAAAAAAAAAAAAAAAAAAAAAAAAAAAAAAAAAAAAAAAAAAAAAAAAAAAAAAAAAAAAAAAAAAAAAAAAAAAAAAAAAAAAAAAAAAAAAAAAAAAAAAAAAAAAAAAAAAAAAAAAAAAAAAAAAAAAAAAAAAAAAAAAAAAAAAAAAAAAAAAAAAAAAAAAAAAAAAAAAAAAAAAAAAAAAAAAAAAAAAAAAAAAAAAAAAAAAAAAAAAAAAAAAAAAAAAAAAAAAAAAAAAAAAAAAAAAAAAAAAAACYDwAAAAAAAKwPAAAAAAAACjxzcmMuaW5zdGFsbC5sb2NrZmlsZS5UcmVlPiAyMCBzaXplb2YsIDQgYWxpZ25vZgoAAAAAAAAA/v////////8AAAAADgAAANgPAAAAAAAAEBAAAAAAAAAKPHUzMj4gNCBzaXplb2YsIDQgYWxpZ25vZgoAAAAAAAEAAAACAAAAAwAAAAQAAAAFAAAABgAAAAkAAAAKAAAACwAAAAwAAAANAAAACAAAAA4AAABAEAAAAAAAAIAQAAAAAAAACjx1MzI+IDQgc2l6ZW9mLCA0IGFsaWdub2YKAAAAAAABAAAADgAAAA0AAAAMAAAABQAAAAMAAAACAAAA/////wQAAAALAAAACgAAAAkAAAAIAAAABgAAAAcAAAABAAAAsBAAAAAAAABQEgAAAAAAAAo8WzI2XXU4PiAyNiBzaXplb2YsIDEgYWxpZ25vZgoAcGcAAAAAAADlQ+K+VYcSEgICbGF0ZXN0AAAtAAAAFAAAgGOarOhAb2TgAgFeMi42LjQAAHBnLXBvb2wAGyyIhQhAjpQCAV4zLjYuMgAAQQAAAAsAAICPNe8W8nPyjAIBXjEuNi4xAABwZy10eXBlcyadsKmn6ipqAgFeMi4xLjAAAHBncGFzcwAA4y+LMBQ/M/4CATEueAAAAAAATAAAAA0AAICqtvxPrz4r/QQBXjEuMS4xAABZAAAACQAAgIPVuuoWXyTKFAE+PTMuMC4xAHNwbGl0MgAAxDYuAvWLp6wCAV40LjEuMAAAcGctaW50OAAGRz9tZs5grQIBMS4wLjEAAABEAQAADgAAgMSI1M5a9NAZAgF+Mi4wLjAAAFIBAAAOAACASdAcCVx71n4CAX4xLjAuMAAAYAEAAA0AAIDlTu6p0p7hAAIBfjEuMC40AABtAQAAEQAAgHJCy4AAc157AgFeMS4xLjAAAHh0ZW5kAAAANNiP3vbTRiUCAV40LjAuMAAAcGcAAAAAAADlQ+K+VYcSEhABPj04LjAAAACaEgAAAAAAAJoSAAAAAAAACjxzcmMuaW5zdGFsbC5zZW12ZXIuRXh0ZXJuYWxTdHJpbmc+IDE2IHNpemVvZiwgOCBhbGlnbm9mCsgSAAAAAAAAhhYAAAAAAAAKPHU4PiAxIHNpemVvZiwgMSBhbGlnbm9mCgAAAABodHRwczovL3JlZ2lzdHJ5Lm5wbWpzLm9yZy9wZy8tL3BnLTguMTEuNS50Z3pwZy1jb25uZWN0aW9uLXN0cmluZ3BnLXByb3RvY29scGctY2xvdWRmbGFyZXBnLW5hdGl2ZWh0dHBzOi8vcmVnaXN0cnkubnBtanMub3JnL3BnLWNsb3VkZmxhcmUvLS9wZy1jbG91ZGZsYXJlLTEuMS4xLnRnemh0dHBzOi8vcmVnaXN0cnkubnBtanMub3JnL3BncGFzcy8tL3BncGFzcy0xLjAuNS50Z3podHRwczovL3JlZ2lzdHJ5Lm5wbWpzLm9yZy9zcGxpdDIvLS9zcGxpdDItNC4yLjAudGd6aHR0cHM6Ly9yZWdpc3RyeS5ucG1qcy5vcmcvcGctdHlwZXMvLS9wZy10eXBlcy0yLjIuMC50Z3pwb3N0Z3Jlcy1hcnJheXBvc3RncmVzLWJ5dGVhcG9zdGdyZXMtZGF0ZXBvc3RncmVzLWludGVydmFsaHR0cHM6Ly9yZWdpc3RyeS5ucG1qcy5vcmcvcG9zdGdyZXMtaW50ZXJ2YWwvLS9wb3N0Z3Jlcy1pbnRlcnZhbC0xLjIuMC50Z3podHRwczovL3JlZ2lzdHJ5Lm5wbWpzLm9yZy94dGVuZC8tL3h0ZW5kLTQuMC4yLnRnemh0dHBzOi8vcmVnaXN0cnkubnBtanMub3JnL3Bvc3RncmVzLWRhdGUvLS9wb3N0Z3Jlcy1kYXRlLTEuMC43LnRnemh0dHBzOi8vcmVnaXN0cnkubnBtanMub3JnL3Bvc3RncmVzLWJ5dGVhLy0vcG9zdGdyZXMtYnl0ZWEtMS4wLjAudGd6aHR0cHM6Ly9yZWdpc3RyeS5ucG1qcy5vcmcvcG9zdGdyZXMtYXJyYXkvLS9wb3N0Z3Jlcy1hcnJheS0yLjAuMC50Z3podHRwczovL3JlZ2lzdHJ5Lm5wbWpzLm9yZy9wZy1pbnQ4Ly0vcGctaW50OC0xLjAuMS50Z3podHRwczovL3JlZ2lzdHJ5Lm5wbWpzLm9yZy9wZy1wcm90b2NvbC8tL3BnLXByb3RvY29sLTEuNi4xLnRnemh0dHBzOi8vcmVnaXN0cnkubnBtanMub3JnL3BnLXBvb2wvLS9wZy1wb29sLTMuNi4yLnRnemh0dHBzOi8vcmVnaXN0cnkubnBtanMub3JnL3BnLWNvbm5lY3Rpb24tc3RyaW5nLy0vcGctY29ubmVjdGlvbi1zdHJpbmctMi42LjQudGd6AAAAAAAAAAAAAAAAAAAAAAAAAAAAAAAAAAAAAAAAAAAAAAAAAAAAAAAAAAAAAAAAAAAAAAAAAAAAAAAAAAAAAAAAAAAAAAAAAAAAAAAAAAAAAAAAAAAAAAAAAAAAAAAAAAAAAAAAAAAAAAAAAAAAAAAAAAAAAAAAAAAAAAAAAAAAAAAAAAAAAAAAAAAAAAAAAAAAAAAAAAA=